// !$*UTF8*$!
{
	archiveVersion = 1;
	classes = {
	};
	objectVersion = 46;
	objects = {

/* Begin PBXBuildFile section */
		5C6E9C601E263E880092425C /* EHILoginViewController.m in Sources */ = {isa = PBXBuildFile; fileRef = 5C6E9C5F1E263E880092425C /* EHILoginViewController.m */; };
		5C70F3DC1E2C7B3A00E20321 /* EHILoginContentView.m in Sources */ = {isa = PBXBuildFile; fileRef = 5C70F3DB1E2C7B3A00E20321 /* EHILoginContentView.m */; };
		AC306C9B95FE8E79D7E1020A /* libPods-MobileSales.a in Frameworks */ = {isa = PBXBuildFile; fileRef = 085593713B4FFC660683E189 /* libPods-MobileSales.a */; };
		FB11B2511E49AC4000074D2D /* EHIHomeViewController.m in Sources */ = {isa = PBXBuildFile; fileRef = FB11B2501E49AC4000074D2D /* EHIHomeViewController.m */; };
		FB11B25A1E49AD8A00074D2D /* EHIOfficeViewController.m in Sources */ = {isa = PBXBuildFile; fileRef = FB11B2591E49AD8A00074D2D /* EHIOfficeViewController.m */; };
		FB11B25D1E49ADEF00074D2D /* EHICRMViewController.m in Sources */ = {isa = PBXBuildFile; fileRef = FB11B25C1E49ADEF00074D2D /* EHICRMViewController.m */; };
		FB12DB2F1E4B4FC0006940A3 /* EHILauncherButton.m in Sources */ = {isa = PBXBuildFile; fileRef = FB12DB2E1E4B4FC0006940A3 /* EHILauncherButton.m */; };
		FB25649D1E24A6AD00A9B857 /* main.m in Sources */ = {isa = PBXBuildFile; fileRef = FB25649C1E24A6AD00A9B857 /* main.m */; };
		FB2564A01E24A6AD00A9B857 /* EHIAppDelegate.m in Sources */ = {isa = PBXBuildFile; fileRef = FB25649F1E24A6AD00A9B857 /* EHIAppDelegate.m */; };
		FB2564B61E24A6AD00A9B857 /* MobileSalesTests.m in Sources */ = {isa = PBXBuildFile; fileRef = FB2564B51E24A6AD00A9B857 /* MobileSalesTests.m */; };
		FB2564C11E24A6AD00A9B857 /* MobileSalesUITests.m in Sources */ = {isa = PBXBuildFile; fileRef = FB2564C01E24A6AD00A9B857 /* MobileSalesUITests.m */; };
		FB2564F51E25ECF000A9B857 /* UIColor+ColorWithHex.m in Sources */ = {isa = PBXBuildFile; fileRef = FB2564F41E25ECF000A9B857 /* UIColor+ColorWithHex.m */; };
		FB26CE721E5AE2C900317299 /* NSString+EHIDateFormat.m in Sources */ = {isa = PBXBuildFile; fileRef = FB26CE711E5AE2C900317299 /* NSString+EHIDateFormat.m */; };
		FB26CE761E5AF1A800317299 /* EHIMyInfomationViewController.m in Sources */ = {isa = PBXBuildFile; fileRef = FB26CE741E5AF1A800317299 /* EHIMyInfomationViewController.m */; };
		FB26CE7A1E5BEE6000317299 /* EHIDBFrameDAO.m in Sources */ = {isa = PBXBuildFile; fileRef = FB26CE791E5BEE6000317299 /* EHIDBFrameDAO.m */; };
		FB26CEBE1E5D5E1C00317299 /* AudioToolbox.framework in Frameworks */ = {isa = PBXBuildFile; fileRef = FB26CEBD1E5D5E1C00317299 /* AudioToolbox.framework */; };
		FB26CF121E5E8B9000317299 /* EHIChatLabel.m in Sources */ = {isa = PBXBuildFile; fileRef = FB26CF111E5E8B9000317299 /* EHIChatLabel.m */; };
		FB2EC8671E59DD270066FBF3 /* EHIMessageBaseCell.m in Sources */ = {isa = PBXBuildFile; fileRef = FB2EC8661E59DD270066FBF3 /* EHIMessageBaseCell.m */; };
		FB2EC86A1E59E1470066FBF3 /* NSDate+EHIChatFormat.m in Sources */ = {isa = PBXBuildFile; fileRef = FB2EC8691E59E1470066FBF3 /* NSDate+EHIChatFormat.m */; };
		FB2EC86F1E59E19C0066FBF3 /* NSDate+Extension.m in Sources */ = {isa = PBXBuildFile; fileRef = FB2EC86C1E59E19C0066FBF3 /* NSDate+Extension.m */; };
		FB2EC8701E59E19C0066FBF3 /* NSDate+Utilities.m in Sources */ = {isa = PBXBuildFile; fileRef = FB2EC86E1E59E19C0066FBF3 /* NSDate+Utilities.m */; };
		FB2EC8731E59E2970066FBF3 /* EHITextMessageCell.m in Sources */ = {isa = PBXBuildFile; fileRef = FB2EC8721E59E2970066FBF3 /* EHITextMessageCell.m */; };
		FB2EC8811E5A7AF70066FBF3 /* EHIChatSocketManager.m in Sources */ = {isa = PBXBuildFile; fileRef = FB2EC8801E5A7AF70066FBF3 /* EHIChatSocketManager.m */; };
		FB2EC8841E5A7FCD0066FBF3 /* NSString+EHIUUID.m in Sources */ = {isa = PBXBuildFile; fileRef = FB2EC8831E5A7FCD0066FBF3 /* NSString+EHIUUID.m */; };
		FB309AA41E49C11500CE91C9 /* EHIViewController.m in Sources */ = {isa = PBXBuildFile; fileRef = FB309AA31E49C11500CE91C9 /* EHIViewController.m */; };
		FB309AA71E49C60D00CE91C9 /* EHINavigationController.m in Sources */ = {isa = PBXBuildFile; fileRef = FB309AA61E49C60D00CE91C9 /* EHINavigationController.m */; };
		FB309AAB1E49CAD800CE91C9 /* Launcher.xcassets in Resources */ = {isa = PBXBuildFile; fileRef = FB309AAA1E49CAD800CE91C9 /* Launcher.xcassets */; };
		FB5A5D381E49DB2F00810253 /* UITabBar+EHIBadge.m in Sources */ = {isa = PBXBuildFile; fileRef = FB5A5D371E49DB2F00810253 /* UITabBar+EHIBadge.m */; };
		FB5A5D3B1E4AACF900810253 /* EHIHttpRequest.m in Sources */ = {isa = PBXBuildFile; fileRef = FB5A5D3A1E4AACF900810253 /* EHIHttpRequest.m */; };
		FB5A5D3E1E4AB20900810253 /* EHIBaseRequestModel.m in Sources */ = {isa = PBXBuildFile; fileRef = FB5A5D3D1E4AB20900810253 /* EHIBaseRequestModel.m */; };
		FB682B971E56EFCF007BE819 /* EHIChatViewController.m in Sources */ = {isa = PBXBuildFile; fileRef = FB682B941E56EFCF007BE819 /* EHIChatViewController.m */; };
		FB682B981E56EFCF007BE819 /* EHIChatViewController+Delegate.m in Sources */ = {isa = PBXBuildFile; fileRef = FB682B961E56EFCF007BE819 /* EHIChatViewController+Delegate.m */; };
		FB682B9D1E56EFD8007BE819 /* EHIChatListTableViewCell.m in Sources */ = {isa = PBXBuildFile; fileRef = FB682B9A1E56EFD8007BE819 /* EHIChatListTableViewCell.m */; };
		FB682B9E1E56EFD8007BE819 /* EHISegmentedControl.m in Sources */ = {isa = PBXBuildFile; fileRef = FB682B9C1E56EFD8007BE819 /* EHISegmentedControl.m */; };
		FB682BA31E56F003007BE819 /* EHIChatDetailViewController.m in Sources */ = {isa = PBXBuildFile; fileRef = FB682BA01E56F003007BE819 /* EHIChatDetailViewController.m */; };
		FB682BA41E56F003007BE819 /* EHIChatDetailViewController+Delegate.m in Sources */ = {isa = PBXBuildFile; fileRef = FB682BA21E56F003007BE819 /* EHIChatDetailViewController+Delegate.m */; };
		FB682BA71E56F00D007BE819 /* EHIChatBar.m in Sources */ = {isa = PBXBuildFile; fileRef = FB682BA61E56F00D007BE819 /* EHIChatBar.m */; };
		FB682BAD1E56FAAB007BE819 /* EHIKeyboard.m in Sources */ = {isa = PBXBuildFile; fileRef = FB682BAC1E56FAAB007BE819 /* EHIKeyboard.m */; };
		FB682BB01E56FBC4007BE819 /* EHIChatMessageDisplayView.m in Sources */ = {isa = PBXBuildFile; fileRef = FB682BAF1E56FBC4007BE819 /* EHIChatMessageDisplayView.m */; };
		FB682BB71E57025D007BE819 /* UITableView+TLChat.m in Sources */ = {isa = PBXBuildFile; fileRef = FB682BB61E57025D007BE819 /* UITableView+TLChat.m */; };
		FB682BBA1E570459007BE819 /* EHIChatMessageDisplayView+Delegate.m in Sources */ = {isa = PBXBuildFile; fileRef = FB682BB91E570459007BE819 /* EHIChatMessageDisplayView+Delegate.m */; };
		FB682BC01E5983EE007BE819 /* EHIChatManager.m in Sources */ = {isa = PBXBuildFile; fileRef = FB682BBF1E5983EE007BE819 /* EHIChatManager.m */; };
		FB682BC31E598D15007BE819 /* EHIMessage.m in Sources */ = {isa = PBXBuildFile; fileRef = FB682BC21E598D15007BE819 /* EHIMessage.m */; };
		FB682BC61E598D65007BE819 /* EHIMessageFrame.m in Sources */ = {isa = PBXBuildFile; fileRef = FB682BC51E598D65007BE819 /* EHIMessageFrame.m */; };
		FB682BCC1E598F24007BE819 /* EHITextMessage.m in Sources */ = {isa = PBXBuildFile; fileRef = FB682BCB1E598F24007BE819 /* EHITextMessage.m */; };
		FB73EA501E4B1777001F268E /* EHIMovieViewController.m in Sources */ = {isa = PBXBuildFile; fileRef = FB73EA4F1E4B1777001F268E /* EHIMovieViewController.m */; };
		FB73EA571E4C0024001F268E /* Login.xcassets in Resources */ = {isa = PBXBuildFile; fileRef = FB73EA561E4C0024001F268E /* Login.xcassets */; };
		FB73EAD01E4D9571001F268E /* login_movie.mp4 in Resources */ = {isa = PBXBuildFile; fileRef = FB73EACE1E4D9571001F268E /* login_movie.mp4 */; };
		FB73EAD11E4D9571001F268E /* normal_movie.mp4 in Resources */ = {isa = PBXBuildFile; fileRef = FB73EACF1E4D9571001F268E /* normal_movie.mp4 */; };
		FB73EAD51E4D98D6001F268E /* EHIUserModel.m in Sources */ = {isa = PBXBuildFile; fileRef = FB73EAD41E4D98D6001F268E /* EHIUserModel.m */; };
		FB73EAD81E4DA0BF001F268E /* EHIRootViewController.m in Sources */ = {isa = PBXBuildFile; fileRef = FB73EAD71E4DA0BF001F268E /* EHIRootViewController.m */; };
		FB73EADB1E4DB4FC001F268E /* WXAlertController.m in Sources */ = {isa = PBXBuildFile; fileRef = FB73EADA1E4DB4FC001F268E /* WXAlertController.m */; };
		FB73EADE1E4DB585001F268E /* EHISingleAlertController.m in Sources */ = {isa = PBXBuildFile; fileRef = FB73EADD1E4DB585001F268E /* EHISingleAlertController.m */; };
		FB776EAF1E4AEE9A008763CE /* NSMutableDictionary+EHIDicSaveString.m in Sources */ = {isa = PBXBuildFile; fileRef = FB776EAE1E4AEE9A008763CE /* NSMutableDictionary+EHIDicSaveString.m */; };
		FB776EB71E4AF065008763CE /* IPAddress.c in Sources */ = {isa = PBXBuildFile; fileRef = FB776EB11E4AF065008763CE /* IPAddress.c */; };
		FB776EB81E4AF065008763CE /* NSString+MD5Addition.m in Sources */ = {isa = PBXBuildFile; fileRef = FB776EB41E4AF065008763CE /* NSString+MD5Addition.m */; };
		FB776EB91E4AF065008763CE /* UIDevice+IdentifierAddition.m in Sources */ = {isa = PBXBuildFile; fileRef = FB776EB61E4AF065008763CE /* UIDevice+IdentifierAddition.m */; };
		FB776EBD1E4AFB98008763CE /* EHIUserContext.m in Sources */ = {isa = PBXBuildFile; fileRef = FB776EBC1E4AFB98008763CE /* EHIUserContext.m */; };
		FB776EC01E4AFBD6008763CE /* EHIUrlList.m in Sources */ = {isa = PBXBuildFile; fileRef = FB776EBF1E4AFBD6008763CE /* EHIUrlList.m */; };
		FB94D1DD1E53F28700BC86E5 /* NSFileManager+EHIChat.m in Sources */ = {isa = PBXBuildFile; fileRef = FB94D1DC1E53F28700BC86E5 /* NSFileManager+EHIChat.m */; };
		FB94D1E01E53F2E700BC86E5 /* NSFileManager+Paths.m in Sources */ = {isa = PBXBuildFile; fileRef = FB94D1DF1E53F2E700BC86E5 /* NSFileManager+Paths.m */; };
		FB94D1EA1E53FB7A00BC86E5 /* EHIDBBaseDAO.m in Sources */ = {isa = PBXBuildFile; fileRef = FB94D1E71E53FB7A00BC86E5 /* EHIDBBaseDAO.m */; };
		FB94D1EB1E53FB7A00BC86E5 /* EHIDBManager.m in Sources */ = {isa = PBXBuildFile; fileRef = FB94D1E91E53FB7A00BC86E5 /* EHIDBManager.m */; };
		FB94D1EF1E53FB8200BC86E5 /* EHIDBChatDAO.m in Sources */ = {isa = PBXBuildFile; fileRef = FB94D1EE1E53FB8200BC86E5 /* EHIDBChatDAO.m */; };
		FB94D20F1E55460700BC86E5 /* EHIChatListModel.m in Sources */ = {isa = PBXBuildFile; fileRef = FB94D20E1E55460700BC86E5 /* EHIChatListModel.m */; };
		FB94D2121E55469F00BC86E5 /* EHIContactModel.m in Sources */ = {isa = PBXBuildFile; fileRef = FB94D2111E55469F00BC86E5 /* EHIContactModel.m */; };
		FB94D2191E556B9000BC86E5 /* EHIResponseModel.m in Sources */ = {isa = PBXBuildFile; fileRef = FB94D2181E556B9000BC86E5 /* EHIResponseModel.m */; };
		FB94D21E1E559A9B00BC86E5 /* Chat.xcassets in Resources */ = {isa = PBXBuildFile; fileRef = FB94D21D1E559A9B00BC86E5 /* Chat.xcassets */; };
		FB94D2271E55AEDF00BC86E5 /* UIView+Frame.m in Sources */ = {isa = PBXBuildFile; fileRef = FB94D2261E55AEDF00BC86E5 /* UIView+Frame.m */; };
		FBCCF3C61E5DDD84000F4559 /* EHIMessageStatusManager.m in Sources */ = {isa = PBXBuildFile; fileRef = FBCCF3C51E5DDD84000F4559 /* EHIMessageStatusManager.m */; };
		FBCEAC951E5C6504004E8556 /* MBProgressHUD+EHIProgressHUD.m in Sources */ = {isa = PBXBuildFile; fileRef = FBCEAC941E5C6504004E8556 /* MBProgressHUD+EHIProgressHUD.m */; };
		FBCEAC9B1E5C8FA7004E8556 /* EHIMemberCollectionViewCell.m in Sources */ = {isa = PBXBuildFile; fileRef = FBCEAC9A1E5C8FA7004E8556 /* EHIMemberCollectionViewCell.m */; };
		FBDEBB051E5B2D0B0053CCF8 /* EHIShowInfoLabel.m in Sources */ = {isa = PBXBuildFile; fileRef = FBDEBB041E5B2D0B0053CCF8 /* EHIShowInfoLabel.m */; };
		FBDEBB081E5B2E350053CCF8 /* EHISexSelectView.m in Sources */ = {isa = PBXBuildFile; fileRef = FBDEBB071E5B2E350053CCF8 /* EHISexSelectView.m */; };
		FBDEBB0A1E5B34070053CCF8 /* MyInfomation.xcassets in Resources */ = {isa = PBXBuildFile; fileRef = FBDEBB091E5B34070053CCF8 /* MyInfomation.xcassets */; };
		FBDEBB0D1E5B417B0053CCF8 /* EHIChatMemberViewController.m in Sources */ = {isa = PBXBuildFile; fileRef = FBDEBB0C1E5B417B0053CCF8 /* EHIChatMemberViewController.m */; };
/* End PBXBuildFile section */

/* Begin PBXContainerItemProxy section */
		FB2564B21E24A6AD00A9B857 /* PBXContainerItemProxy */ = {
			isa = PBXContainerItemProxy;
			containerPortal = FB2564901E24A6AD00A9B857 /* Project object */;
			proxyType = 1;
			remoteGlobalIDString = FB2564971E24A6AD00A9B857;
			remoteInfo = MobileSales;
		};
		FB2564BD1E24A6AD00A9B857 /* PBXContainerItemProxy */ = {
			isa = PBXContainerItemProxy;
			containerPortal = FB2564901E24A6AD00A9B857 /* Project object */;
			proxyType = 1;
			remoteGlobalIDString = FB2564971E24A6AD00A9B857;
			remoteInfo = MobileSales;
		};
/* End PBXContainerItemProxy section */

/* Begin PBXFileReference section */
		0179A64639E27837308FB472 /* Pods-MobileSales.release.xcconfig */ = {isa = PBXFileReference; includeInIndex = 1; lastKnownFileType = text.xcconfig; name = "Pods-MobileSales.release.xcconfig"; path = "Pods/Target Support Files/Pods-MobileSales/Pods-MobileSales.release.xcconfig"; sourceTree = "<group>"; };
		085593713B4FFC660683E189 /* libPods-MobileSales.a */ = {isa = PBXFileReference; explicitFileType = archive.ar; includeInIndex = 0; path = "libPods-MobileSales.a"; sourceTree = BUILT_PRODUCTS_DIR; };
		5C6E9C5E1E263E880092425C /* EHILoginViewController.h */ = {isa = PBXFileReference; fileEncoding = 4; lastKnownFileType = sourcecode.c.h; path = EHILoginViewController.h; sourceTree = "<group>"; };
		5C6E9C5F1E263E880092425C /* EHILoginViewController.m */ = {isa = PBXFileReference; fileEncoding = 4; lastKnownFileType = sourcecode.c.objc; path = EHILoginViewController.m; sourceTree = "<group>"; };
		5C70F3DA1E2C7B3A00E20321 /* EHILoginContentView.h */ = {isa = PBXFileReference; fileEncoding = 4; lastKnownFileType = sourcecode.c.h; path = EHILoginContentView.h; sourceTree = "<group>"; };
		5C70F3DB1E2C7B3A00E20321 /* EHILoginContentView.m */ = {isa = PBXFileReference; fileEncoding = 4; lastKnownFileType = sourcecode.c.objc; path = EHILoginContentView.m; sourceTree = "<group>"; };
		6761FB462D2B42CFD819AECF /* Pods-MobileSales.debug.xcconfig */ = {isa = PBXFileReference; includeInIndex = 1; lastKnownFileType = text.xcconfig; name = "Pods-MobileSales.debug.xcconfig"; path = "Pods/Target Support Files/Pods-MobileSales/Pods-MobileSales.debug.xcconfig"; sourceTree = "<group>"; };
		FB11B24F1E49AC4000074D2D /* EHIHomeViewController.h */ = {isa = PBXFileReference; fileEncoding = 4; lastKnownFileType = sourcecode.c.h; path = EHIHomeViewController.h; sourceTree = "<group>"; };
		FB11B2501E49AC4000074D2D /* EHIHomeViewController.m */ = {isa = PBXFileReference; fileEncoding = 4; lastKnownFileType = sourcecode.c.objc; path = EHIHomeViewController.m; sourceTree = "<group>"; };
		FB11B2581E49AD8A00074D2D /* EHIOfficeViewController.h */ = {isa = PBXFileReference; fileEncoding = 4; lastKnownFileType = sourcecode.c.h; path = EHIOfficeViewController.h; sourceTree = "<group>"; };
		FB11B2591E49AD8A00074D2D /* EHIOfficeViewController.m */ = {isa = PBXFileReference; fileEncoding = 4; lastKnownFileType = sourcecode.c.objc; path = EHIOfficeViewController.m; sourceTree = "<group>"; };
		FB11B25B1E49ADEF00074D2D /* EHICRMViewController.h */ = {isa = PBXFileReference; fileEncoding = 4; lastKnownFileType = sourcecode.c.h; path = EHICRMViewController.h; sourceTree = "<group>"; };
		FB11B25C1E49ADEF00074D2D /* EHICRMViewController.m */ = {isa = PBXFileReference; fileEncoding = 4; lastKnownFileType = sourcecode.c.objc; path = EHICRMViewController.m; sourceTree = "<group>"; };
		FB12DB2D1E4B4FC0006940A3 /* EHILauncherButton.h */ = {isa = PBXFileReference; fileEncoding = 4; lastKnownFileType = sourcecode.c.h; path = EHILauncherButton.h; sourceTree = "<group>"; };
		FB12DB2E1E4B4FC0006940A3 /* EHILauncherButton.m */ = {isa = PBXFileReference; fileEncoding = 4; lastKnownFileType = sourcecode.c.objc; path = EHILauncherButton.m; sourceTree = "<group>"; };
		FB1D88C51E5E4D8E00EC70B2 /* EHIMessageCellDelegate.h */ = {isa = PBXFileReference; fileEncoding = 4; lastKnownFileType = sourcecode.c.h; path = EHIMessageCellDelegate.h; sourceTree = "<group>"; };
		FB1D88C91E5E594100EC70B2 /* EHIMessageStatusManagerDelegate.h */ = {isa = PBXFileReference; fileEncoding = 4; lastKnownFileType = sourcecode.c.h; path = EHIMessageStatusManagerDelegate.h; sourceTree = "<group>"; };
		FB2564981E24A6AD00A9B857 /* MobileSales.app */ = {isa = PBXFileReference; explicitFileType = wrapper.application; includeInIndex = 0; path = MobileSales.app; sourceTree = BUILT_PRODUCTS_DIR; };
		FB25649C1E24A6AD00A9B857 /* main.m */ = {isa = PBXFileReference; lastKnownFileType = sourcecode.c.objc; path = main.m; sourceTree = "<group>"; };
		FB25649E1E24A6AD00A9B857 /* EHIAppDelegate.h */ = {isa = PBXFileReference; lastKnownFileType = sourcecode.c.h; path = EHIAppDelegate.h; sourceTree = "<group>"; };
		FB25649F1E24A6AD00A9B857 /* EHIAppDelegate.m */ = {isa = PBXFileReference; lastKnownFileType = sourcecode.c.objc; path = EHIAppDelegate.m; sourceTree = "<group>"; };
		FB2564AC1E24A6AD00A9B857 /* Info.plist */ = {isa = PBXFileReference; lastKnownFileType = text.plist.xml; path = Info.plist; sourceTree = "<group>"; };
		FB2564B11E24A6AD00A9B857 /* MobileSalesTests.xctest */ = {isa = PBXFileReference; explicitFileType = wrapper.cfbundle; includeInIndex = 0; path = MobileSalesTests.xctest; sourceTree = BUILT_PRODUCTS_DIR; };
		FB2564B51E24A6AD00A9B857 /* MobileSalesTests.m */ = {isa = PBXFileReference; lastKnownFileType = sourcecode.c.objc; path = MobileSalesTests.m; sourceTree = "<group>"; };
		FB2564B71E24A6AD00A9B857 /* Info.plist */ = {isa = PBXFileReference; lastKnownFileType = text.plist.xml; path = Info.plist; sourceTree = "<group>"; };
		FB2564BC1E24A6AD00A9B857 /* MobileSalesUITests.xctest */ = {isa = PBXFileReference; explicitFileType = wrapper.cfbundle; includeInIndex = 0; path = MobileSalesUITests.xctest; sourceTree = BUILT_PRODUCTS_DIR; };
		FB2564C01E24A6AD00A9B857 /* MobileSalesUITests.m */ = {isa = PBXFileReference; lastKnownFileType = sourcecode.c.objc; path = MobileSalesUITests.m; sourceTree = "<group>"; };
		FB2564C21E24A6AD00A9B857 /* Info.plist */ = {isa = PBXFileReference; lastKnownFileType = text.plist.xml; path = Info.plist; sourceTree = "<group>"; };
		FB2564EF1E25D3E400A9B857 /* MSPrefixHeader.pch */ = {isa = PBXFileReference; fileEncoding = 4; lastKnownFileType = sourcecode.c.h; path = MSPrefixHeader.pch; sourceTree = "<group>"; };
		FB2564F01E25D8B800A9B857 /* EHIMacros.h */ = {isa = PBXFileReference; fileEncoding = 4; lastKnownFileType = sourcecode.c.h; path = EHIMacros.h; sourceTree = "<group>"; };
		FB2564F31E25ECF000A9B857 /* UIColor+ColorWithHex.h */ = {isa = PBXFileReference; fileEncoding = 4; lastKnownFileType = sourcecode.c.h; path = "UIColor+ColorWithHex.h"; sourceTree = "<group>"; };
		FB2564F41E25ECF000A9B857 /* UIColor+ColorWithHex.m */ = {isa = PBXFileReference; fileEncoding = 4; lastKnownFileType = sourcecode.c.objc; path = "UIColor+ColorWithHex.m"; sourceTree = "<group>"; };
		FB26CE701E5AE2C900317299 /* NSString+EHIDateFormat.h */ = {isa = PBXFileReference; fileEncoding = 4; lastKnownFileType = sourcecode.c.h; path = "NSString+EHIDateFormat.h"; sourceTree = "<group>"; };
		FB26CE711E5AE2C900317299 /* NSString+EHIDateFormat.m */ = {isa = PBXFileReference; fileEncoding = 4; lastKnownFileType = sourcecode.c.objc; path = "NSString+EHIDateFormat.m"; sourceTree = "<group>"; };
		FB26CE731E5AF1A800317299 /* EHIMyInfomationViewController.h */ = {isa = PBXFileReference; fileEncoding = 4; lastKnownFileType = sourcecode.c.h; path = EHIMyInfomationViewController.h; sourceTree = "<group>"; };
		FB26CE741E5AF1A800317299 /* EHIMyInfomationViewController.m */ = {isa = PBXFileReference; fileEncoding = 4; lastKnownFileType = sourcecode.c.objc; path = EHIMyInfomationViewController.m; sourceTree = "<group>"; };
		FB26CE781E5BEE6000317299 /* EHIDBFrameDAO.h */ = {isa = PBXFileReference; fileEncoding = 4; lastKnownFileType = sourcecode.c.h; path = EHIDBFrameDAO.h; sourceTree = "<group>"; };
		FB26CE791E5BEE6000317299 /* EHIDBFrameDAO.m */ = {isa = PBXFileReference; fileEncoding = 4; lastKnownFileType = sourcecode.c.objc; path = EHIDBFrameDAO.m; sourceTree = "<group>"; };
		FB26CEBD1E5D5E1C00317299 /* AudioToolbox.framework */ = {isa = PBXFileReference; lastKnownFileType = wrapper.framework; name = AudioToolbox.framework; path = System/Library/Frameworks/AudioToolbox.framework; sourceTree = SDKROOT; };
		FB26CF101E5E8B9000317299 /* EHIChatLabel.h */ = {isa = PBXFileReference; fileEncoding = 4; lastKnownFileType = sourcecode.c.h; path = EHIChatLabel.h; sourceTree = "<group>"; };
		FB26CF111E5E8B9000317299 /* EHIChatLabel.m */ = {isa = PBXFileReference; fileEncoding = 4; lastKnownFileType = sourcecode.c.objc; path = EHIChatLabel.m; sourceTree = "<group>"; };
		FB2EC8651E59DD270066FBF3 /* EHIMessageBaseCell.h */ = {isa = PBXFileReference; fileEncoding = 4; lastKnownFileType = sourcecode.c.h; path = EHIMessageBaseCell.h; sourceTree = "<group>"; };
		FB2EC8661E59DD270066FBF3 /* EHIMessageBaseCell.m */ = {isa = PBXFileReference; fileEncoding = 4; lastKnownFileType = sourcecode.c.objc; path = EHIMessageBaseCell.m; sourceTree = "<group>"; };
		FB2EC8681E59E1470066FBF3 /* NSDate+EHIChatFormat.h */ = {isa = PBXFileReference; fileEncoding = 4; lastKnownFileType = sourcecode.c.h; path = "NSDate+EHIChatFormat.h"; sourceTree = "<group>"; };
		FB2EC8691E59E1470066FBF3 /* NSDate+EHIChatFormat.m */ = {isa = PBXFileReference; fileEncoding = 4; lastKnownFileType = sourcecode.c.objc; path = "NSDate+EHIChatFormat.m"; sourceTree = "<group>"; };
		FB2EC86B1E59E19C0066FBF3 /* NSDate+Extension.h */ = {isa = PBXFileReference; fileEncoding = 4; lastKnownFileType = sourcecode.c.h; path = "NSDate+Extension.h"; sourceTree = "<group>"; };
		FB2EC86C1E59E19C0066FBF3 /* NSDate+Extension.m */ = {isa = PBXFileReference; fileEncoding = 4; lastKnownFileType = sourcecode.c.objc; path = "NSDate+Extension.m"; sourceTree = "<group>"; };
		FB2EC86D1E59E19C0066FBF3 /* NSDate+Utilities.h */ = {isa = PBXFileReference; fileEncoding = 4; lastKnownFileType = sourcecode.c.h; path = "NSDate+Utilities.h"; sourceTree = "<group>"; };
		FB2EC86E1E59E19C0066FBF3 /* NSDate+Utilities.m */ = {isa = PBXFileReference; fileEncoding = 4; lastKnownFileType = sourcecode.c.objc; path = "NSDate+Utilities.m"; sourceTree = "<group>"; };
		FB2EC8711E59E2970066FBF3 /* EHITextMessageCell.h */ = {isa = PBXFileReference; fileEncoding = 4; lastKnownFileType = sourcecode.c.h; path = EHITextMessageCell.h; sourceTree = "<group>"; };
		FB2EC8721E59E2970066FBF3 /* EHITextMessageCell.m */ = {isa = PBXFileReference; fileEncoding = 4; lastKnownFileType = sourcecode.c.objc; path = EHITextMessageCell.m; sourceTree = "<group>"; };
		FB2EC87F1E5A7AF70066FBF3 /* EHIChatSocketManager.h */ = {isa = PBXFileReference; fileEncoding = 4; lastKnownFileType = sourcecode.c.h; path = EHIChatSocketManager.h; sourceTree = "<group>"; };
		FB2EC8801E5A7AF70066FBF3 /* EHIChatSocketManager.m */ = {isa = PBXFileReference; fileEncoding = 4; lastKnownFileType = sourcecode.c.objc; path = EHIChatSocketManager.m; sourceTree = "<group>"; };
		FB2EC8821E5A7FCD0066FBF3 /* NSString+EHIUUID.h */ = {isa = PBXFileReference; fileEncoding = 4; lastKnownFileType = sourcecode.c.h; path = "NSString+EHIUUID.h"; sourceTree = "<group>"; };
		FB2EC8831E5A7FCD0066FBF3 /* NSString+EHIUUID.m */ = {isa = PBXFileReference; fileEncoding = 4; lastKnownFileType = sourcecode.c.objc; path = "NSString+EHIUUID.m"; sourceTree = "<group>"; };
		FB2EC8851E5A89280066FBF3 /* EHIChatSocketManagerDelegate.h */ = {isa = PBXFileReference; fileEncoding = 4; lastKnownFileType = sourcecode.c.h; path = EHIChatSocketManagerDelegate.h; sourceTree = "<group>"; };
		FB309AA21E49C11500CE91C9 /* EHIViewController.h */ = {isa = PBXFileReference; fileEncoding = 4; lastKnownFileType = sourcecode.c.h; path = EHIViewController.h; sourceTree = "<group>"; };
		FB309AA31E49C11500CE91C9 /* EHIViewController.m */ = {isa = PBXFileReference; fileEncoding = 4; lastKnownFileType = sourcecode.c.objc; path = EHIViewController.m; sourceTree = "<group>"; };
		FB309AA51E49C60D00CE91C9 /* EHINavigationController.h */ = {isa = PBXFileReference; fileEncoding = 4; lastKnownFileType = sourcecode.c.h; path = EHINavigationController.h; sourceTree = "<group>"; };
		FB309AA61E49C60D00CE91C9 /* EHINavigationController.m */ = {isa = PBXFileReference; fileEncoding = 4; lastKnownFileType = sourcecode.c.objc; path = EHINavigationController.m; sourceTree = "<group>"; };
		FB309AAA1E49CAD800CE91C9 /* Launcher.xcassets */ = {isa = PBXFileReference; lastKnownFileType = folder.assetcatalog; path = Launcher.xcassets; sourceTree = "<group>"; };
		FB5A5D361E49DB2F00810253 /* UITabBar+EHIBadge.h */ = {isa = PBXFileReference; fileEncoding = 4; lastKnownFileType = sourcecode.c.h; path = "UITabBar+EHIBadge.h"; sourceTree = "<group>"; };
		FB5A5D371E49DB2F00810253 /* UITabBar+EHIBadge.m */ = {isa = PBXFileReference; fileEncoding = 4; lastKnownFileType = sourcecode.c.objc; path = "UITabBar+EHIBadge.m"; sourceTree = "<group>"; };
		FB5A5D391E4AACF900810253 /* EHIHttpRequest.h */ = {isa = PBXFileReference; fileEncoding = 4; lastKnownFileType = sourcecode.c.h; path = EHIHttpRequest.h; sourceTree = "<group>"; };
		FB5A5D3A1E4AACF900810253 /* EHIHttpRequest.m */ = {isa = PBXFileReference; fileEncoding = 4; lastKnownFileType = sourcecode.c.objc; path = EHIHttpRequest.m; sourceTree = "<group>"; };
		FB5A5D3C1E4AB20900810253 /* EHIBaseRequestModel.h */ = {isa = PBXFileReference; fileEncoding = 4; lastKnownFileType = sourcecode.c.h; path = EHIBaseRequestModel.h; sourceTree = "<group>"; };
		FB5A5D3D1E4AB20900810253 /* EHIBaseRequestModel.m */ = {isa = PBXFileReference; fileEncoding = 4; lastKnownFileType = sourcecode.c.objc; path = EHIBaseRequestModel.m; sourceTree = "<group>"; };
		FB682B931E56EFCF007BE819 /* EHIChatViewController.h */ = {isa = PBXFileReference; fileEncoding = 4; lastKnownFileType = sourcecode.c.h; path = EHIChatViewController.h; sourceTree = "<group>"; };
		FB682B941E56EFCF007BE819 /* EHIChatViewController.m */ = {isa = PBXFileReference; fileEncoding = 4; lastKnownFileType = sourcecode.c.objc; path = EHIChatViewController.m; sourceTree = "<group>"; };
		FB682B951E56EFCF007BE819 /* EHIChatViewController+Delegate.h */ = {isa = PBXFileReference; fileEncoding = 4; lastKnownFileType = sourcecode.c.h; path = "EHIChatViewController+Delegate.h"; sourceTree = "<group>"; };
		FB682B961E56EFCF007BE819 /* EHIChatViewController+Delegate.m */ = {isa = PBXFileReference; fileEncoding = 4; lastKnownFileType = sourcecode.c.objc; path = "EHIChatViewController+Delegate.m"; sourceTree = "<group>"; };
		FB682B991E56EFD8007BE819 /* EHIChatListTableViewCell.h */ = {isa = PBXFileReference; fileEncoding = 4; lastKnownFileType = sourcecode.c.h; path = EHIChatListTableViewCell.h; sourceTree = "<group>"; };
		FB682B9A1E56EFD8007BE819 /* EHIChatListTableViewCell.m */ = {isa = PBXFileReference; fileEncoding = 4; lastKnownFileType = sourcecode.c.objc; path = EHIChatListTableViewCell.m; sourceTree = "<group>"; };
		FB682B9B1E56EFD8007BE819 /* EHISegmentedControl.h */ = {isa = PBXFileReference; fileEncoding = 4; lastKnownFileType = sourcecode.c.h; path = EHISegmentedControl.h; sourceTree = "<group>"; };
		FB682B9C1E56EFD8007BE819 /* EHISegmentedControl.m */ = {isa = PBXFileReference; fileEncoding = 4; lastKnownFileType = sourcecode.c.objc; path = EHISegmentedControl.m; sourceTree = "<group>"; };
		FB682B9F1E56F003007BE819 /* EHIChatDetailViewController.h */ = {isa = PBXFileReference; fileEncoding = 4; lastKnownFileType = sourcecode.c.h; path = EHIChatDetailViewController.h; sourceTree = "<group>"; };
		FB682BA01E56F003007BE819 /* EHIChatDetailViewController.m */ = {isa = PBXFileReference; fileEncoding = 4; lastKnownFileType = sourcecode.c.objc; path = EHIChatDetailViewController.m; sourceTree = "<group>"; };
		FB682BA11E56F003007BE819 /* EHIChatDetailViewController+Delegate.h */ = {isa = PBXFileReference; fileEncoding = 4; lastKnownFileType = sourcecode.c.h; path = "EHIChatDetailViewController+Delegate.h"; sourceTree = "<group>"; };
		FB682BA21E56F003007BE819 /* EHIChatDetailViewController+Delegate.m */ = {isa = PBXFileReference; fileEncoding = 4; lastKnownFileType = sourcecode.c.objc; path = "EHIChatDetailViewController+Delegate.m"; sourceTree = "<group>"; };
		FB682BA51E56F00D007BE819 /* EHIChatBar.h */ = {isa = PBXFileReference; fileEncoding = 4; lastKnownFileType = sourcecode.c.h; path = EHIChatBar.h; sourceTree = "<group>"; };
		FB682BA61E56F00D007BE819 /* EHIChatBar.m */ = {isa = PBXFileReference; fileEncoding = 4; lastKnownFileType = sourcecode.c.objc; path = EHIChatBar.m; sourceTree = "<group>"; };
		FB682BA81E56F15C007BE819 /* EHIChatBarDelegate.h */ = {isa = PBXFileReference; fileEncoding = 4; lastKnownFileType = sourcecode.c.h; path = EHIChatBarDelegate.h; sourceTree = "<group>"; };
		FB682BAA1E56F88B007BE819 /* EHIKeyboardDelegate.h */ = {isa = PBXFileReference; fileEncoding = 4; lastKnownFileType = sourcecode.c.h; path = EHIKeyboardDelegate.h; sourceTree = "<group>"; };
		FB682BAB1E56FAAB007BE819 /* EHIKeyboard.h */ = {isa = PBXFileReference; fileEncoding = 4; lastKnownFileType = sourcecode.c.h; path = EHIKeyboard.h; sourceTree = "<group>"; };
		FB682BAC1E56FAAB007BE819 /* EHIKeyboard.m */ = {isa = PBXFileReference; fileEncoding = 4; lastKnownFileType = sourcecode.c.objc; path = EHIKeyboard.m; sourceTree = "<group>"; };
		FB682BAE1E56FBC4007BE819 /* EHIChatMessageDisplayView.h */ = {isa = PBXFileReference; fileEncoding = 4; lastKnownFileType = sourcecode.c.h; path = EHIChatMessageDisplayView.h; sourceTree = "<group>"; };
		FB682BAF1E56FBC4007BE819 /* EHIChatMessageDisplayView.m */ = {isa = PBXFileReference; fileEncoding = 4; lastKnownFileType = sourcecode.c.objc; path = EHIChatMessageDisplayView.m; sourceTree = "<group>"; };
		FB682BB11E56FBE1007BE819 /* EHIChatMessageDisplayViewDelegate.h */ = {isa = PBXFileReference; fileEncoding = 4; lastKnownFileType = sourcecode.c.h; path = EHIChatMessageDisplayViewDelegate.h; sourceTree = "<group>"; };
		FB682BB51E57025D007BE819 /* UITableView+TLChat.h */ = {isa = PBXFileReference; fileEncoding = 4; lastKnownFileType = sourcecode.c.h; path = "UITableView+TLChat.h"; sourceTree = "<group>"; };
		FB682BB61E57025D007BE819 /* UITableView+TLChat.m */ = {isa = PBXFileReference; fileEncoding = 4; lastKnownFileType = sourcecode.c.objc; path = "UITableView+TLChat.m"; sourceTree = "<group>"; };
		FB682BB81E570459007BE819 /* EHIChatMessageDisplayView+Delegate.h */ = {isa = PBXFileReference; fileEncoding = 4; lastKnownFileType = sourcecode.c.h; path = "EHIChatMessageDisplayView+Delegate.h"; sourceTree = "<group>"; };
		FB682BB91E570459007BE819 /* EHIChatMessageDisplayView+Delegate.m */ = {isa = PBXFileReference; fileEncoding = 4; lastKnownFileType = sourcecode.c.objc; path = "EHIChatMessageDisplayView+Delegate.m"; sourceTree = "<group>"; };
		FB682BBE1E5983EE007BE819 /* EHIChatManager.h */ = {isa = PBXFileReference; fileEncoding = 4; lastKnownFileType = sourcecode.c.h; path = EHIChatManager.h; sourceTree = "<group>"; };
		FB682BBF1E5983EE007BE819 /* EHIChatManager.m */ = {isa = PBXFileReference; fileEncoding = 4; lastKnownFileType = sourcecode.c.objc; path = EHIChatManager.m; sourceTree = "<group>"; };
		FB682BC11E598D15007BE819 /* EHIMessage.h */ = {isa = PBXFileReference; fileEncoding = 4; lastKnownFileType = sourcecode.c.h; path = EHIMessage.h; sourceTree = "<group>"; };
		FB682BC21E598D15007BE819 /* EHIMessage.m */ = {isa = PBXFileReference; fileEncoding = 4; lastKnownFileType = sourcecode.c.objc; path = EHIMessage.m; sourceTree = "<group>"; };
		FB682BC41E598D65007BE819 /* EHIMessageFrame.h */ = {isa = PBXFileReference; fileEncoding = 4; lastKnownFileType = sourcecode.c.h; path = EHIMessageFrame.h; sourceTree = "<group>"; };
		FB682BC51E598D65007BE819 /* EHIMessageFrame.m */ = {isa = PBXFileReference; fileEncoding = 4; lastKnownFileType = sourcecode.c.objc; path = EHIMessageFrame.m; sourceTree = "<group>"; };
		FB682BCA1E598F24007BE819 /* EHITextMessage.h */ = {isa = PBXFileReference; fileEncoding = 4; lastKnownFileType = sourcecode.c.h; path = EHITextMessage.h; sourceTree = "<group>"; };
		FB682BCB1E598F24007BE819 /* EHITextMessage.m */ = {isa = PBXFileReference; fileEncoding = 4; lastKnownFileType = sourcecode.c.objc; path = EHITextMessage.m; sourceTree = "<group>"; };
		FB73EA4E1E4B1777001F268E /* EHIMovieViewController.h */ = {isa = PBXFileReference; fileEncoding = 4; lastKnownFileType = sourcecode.c.h; path = EHIMovieViewController.h; sourceTree = "<group>"; };
		FB73EA4F1E4B1777001F268E /* EHIMovieViewController.m */ = {isa = PBXFileReference; fileEncoding = 4; lastKnownFileType = sourcecode.c.objc; path = EHIMovieViewController.m; sourceTree = "<group>"; };
		FB73EA561E4C0024001F268E /* Login.xcassets */ = {isa = PBXFileReference; lastKnownFileType = folder.assetcatalog; path = Login.xcassets; sourceTree = "<group>"; };
		FB73EA5C1E4C1DFE001F268E /* EHIConstant.h */ = {isa = PBXFileReference; lastKnownFileType = sourcecode.c.h; path = EHIConstant.h; sourceTree = "<group>"; };
		FB73EACE1E4D9571001F268E /* login_movie.mp4 */ = {isa = PBXFileReference; lastKnownFileType = file; path = login_movie.mp4; sourceTree = "<group>"; };
		FB73EACF1E4D9571001F268E /* normal_movie.mp4 */ = {isa = PBXFileReference; lastKnownFileType = file; path = normal_movie.mp4; sourceTree = "<group>"; };
		FB73EAD31E4D98D6001F268E /* EHIUserModel.h */ = {isa = PBXFileReference; fileEncoding = 4; lastKnownFileType = sourcecode.c.h; path = EHIUserModel.h; sourceTree = "<group>"; };
		FB73EAD41E4D98D6001F268E /* EHIUserModel.m */ = {isa = PBXFileReference; fileEncoding = 4; lastKnownFileType = sourcecode.c.objc; path = EHIUserModel.m; sourceTree = "<group>"; };
		FB73EAD61E4DA0BF001F268E /* EHIRootViewController.h */ = {isa = PBXFileReference; fileEncoding = 4; lastKnownFileType = sourcecode.c.h; path = EHIRootViewController.h; sourceTree = "<group>"; };
		FB73EAD71E4DA0BF001F268E /* EHIRootViewController.m */ = {isa = PBXFileReference; fileEncoding = 4; lastKnownFileType = sourcecode.c.objc; path = EHIRootViewController.m; sourceTree = "<group>"; };
		FB73EAD91E4DB4FC001F268E /* WXAlertController.h */ = {isa = PBXFileReference; fileEncoding = 4; lastKnownFileType = sourcecode.c.h; path = WXAlertController.h; sourceTree = "<group>"; };
		FB73EADA1E4DB4FC001F268E /* WXAlertController.m */ = {isa = PBXFileReference; fileEncoding = 4; lastKnownFileType = sourcecode.c.objc; path = WXAlertController.m; sourceTree = "<group>"; };
		FB73EADC1E4DB585001F268E /* EHISingleAlertController.h */ = {isa = PBXFileReference; fileEncoding = 4; lastKnownFileType = sourcecode.c.h; path = EHISingleAlertController.h; sourceTree = "<group>"; };
		FB73EADD1E4DB585001F268E /* EHISingleAlertController.m */ = {isa = PBXFileReference; fileEncoding = 4; lastKnownFileType = sourcecode.c.objc; path = EHISingleAlertController.m; sourceTree = "<group>"; };
		FB776EAD1E4AEE9A008763CE /* NSMutableDictionary+EHIDicSaveString.h */ = {isa = PBXFileReference; fileEncoding = 4; lastKnownFileType = sourcecode.c.h; path = "NSMutableDictionary+EHIDicSaveString.h"; sourceTree = "<group>"; };
		FB776EAE1E4AEE9A008763CE /* NSMutableDictionary+EHIDicSaveString.m */ = {isa = PBXFileReference; fileEncoding = 4; lastKnownFileType = sourcecode.c.objc; path = "NSMutableDictionary+EHIDicSaveString.m"; sourceTree = "<group>"; };
		FB776EB11E4AF065008763CE /* IPAddress.c */ = {isa = PBXFileReference; fileEncoding = 4; lastKnownFileType = sourcecode.c.c; path = IPAddress.c; sourceTree = "<group>"; };
		FB776EB21E4AF065008763CE /* IPAddress.h */ = {isa = PBXFileReference; fileEncoding = 4; lastKnownFileType = sourcecode.c.h; path = IPAddress.h; sourceTree = "<group>"; };
		FB776EB31E4AF065008763CE /* NSString+MD5Addition.h */ = {isa = PBXFileReference; fileEncoding = 4; lastKnownFileType = sourcecode.c.h; path = "NSString+MD5Addition.h"; sourceTree = "<group>"; };
		FB776EB41E4AF065008763CE /* NSString+MD5Addition.m */ = {isa = PBXFileReference; fileEncoding = 4; lastKnownFileType = sourcecode.c.objc; path = "NSString+MD5Addition.m"; sourceTree = "<group>"; };
		FB776EB51E4AF065008763CE /* UIDevice+IdentifierAddition.h */ = {isa = PBXFileReference; fileEncoding = 4; lastKnownFileType = sourcecode.c.h; path = "UIDevice+IdentifierAddition.h"; sourceTree = "<group>"; };
		FB776EB61E4AF065008763CE /* UIDevice+IdentifierAddition.m */ = {isa = PBXFileReference; fileEncoding = 4; lastKnownFileType = sourcecode.c.objc; path = "UIDevice+IdentifierAddition.m"; sourceTree = "<group>"; };
		FB776EBA1E4AFB2A008763CE /* EHIEnumerate.h */ = {isa = PBXFileReference; fileEncoding = 4; lastKnownFileType = sourcecode.c.h; path = EHIEnumerate.h; sourceTree = "<group>"; };
		FB776EBB1E4AFB98008763CE /* EHIUserContext.h */ = {isa = PBXFileReference; fileEncoding = 4; lastKnownFileType = sourcecode.c.h; path = EHIUserContext.h; sourceTree = "<group>"; };
		FB776EBC1E4AFB98008763CE /* EHIUserContext.m */ = {isa = PBXFileReference; fileEncoding = 4; lastKnownFileType = sourcecode.c.objc; path = EHIUserContext.m; sourceTree = "<group>"; };
		FB776EBE1E4AFBD6008763CE /* EHIUrlList.h */ = {isa = PBXFileReference; fileEncoding = 4; lastKnownFileType = sourcecode.c.h; path = EHIUrlList.h; sourceTree = "<group>"; };
		FB776EBF1E4AFBD6008763CE /* EHIUrlList.m */ = {isa = PBXFileReference; fileEncoding = 4; lastKnownFileType = sourcecode.c.objc; path = EHIUrlList.m; sourceTree = "<group>"; };
		FB94D1DB1E53F28700BC86E5 /* NSFileManager+EHIChat.h */ = {isa = PBXFileReference; fileEncoding = 4; lastKnownFileType = sourcecode.c.h; path = "NSFileManager+EHIChat.h"; sourceTree = "<group>"; };
		FB94D1DC1E53F28700BC86E5 /* NSFileManager+EHIChat.m */ = {isa = PBXFileReference; fileEncoding = 4; lastKnownFileType = sourcecode.c.objc; path = "NSFileManager+EHIChat.m"; sourceTree = "<group>"; };
		FB94D1DE1E53F2E700BC86E5 /* NSFileManager+Paths.h */ = {isa = PBXFileReference; fileEncoding = 4; lastKnownFileType = sourcecode.c.h; path = "NSFileManager+Paths.h"; sourceTree = "<group>"; };
		FB94D1DF1E53F2E700BC86E5 /* NSFileManager+Paths.m */ = {isa = PBXFileReference; fileEncoding = 4; lastKnownFileType = sourcecode.c.objc; path = "NSFileManager+Paths.m"; sourceTree = "<group>"; };
		FB94D1E61E53FB7A00BC86E5 /* EHIDBBaseDAO.h */ = {isa = PBXFileReference; fileEncoding = 4; lastKnownFileType = sourcecode.c.h; path = EHIDBBaseDAO.h; sourceTree = "<group>"; };
		FB94D1E71E53FB7A00BC86E5 /* EHIDBBaseDAO.m */ = {isa = PBXFileReference; fileEncoding = 4; lastKnownFileType = sourcecode.c.objc; path = EHIDBBaseDAO.m; sourceTree = "<group>"; };
		FB94D1E81E53FB7A00BC86E5 /* EHIDBManager.h */ = {isa = PBXFileReference; fileEncoding = 4; lastKnownFileType = sourcecode.c.h; path = EHIDBManager.h; sourceTree = "<group>"; };
		FB94D1E91E53FB7A00BC86E5 /* EHIDBManager.m */ = {isa = PBXFileReference; fileEncoding = 4; lastKnownFileType = sourcecode.c.objc; path = EHIDBManager.m; sourceTree = "<group>"; };
		FB94D1EC1E53FB8200BC86E5 /* EHIChatSQL.h */ = {isa = PBXFileReference; fileEncoding = 4; lastKnownFileType = sourcecode.c.h; path = EHIChatSQL.h; sourceTree = "<group>"; };
		FB94D1ED1E53FB8200BC86E5 /* EHIDBChatDAO.h */ = {isa = PBXFileReference; fileEncoding = 4; lastKnownFileType = sourcecode.c.h; path = EHIDBChatDAO.h; sourceTree = "<group>"; };
		FB94D1EE1E53FB8200BC86E5 /* EHIDBChatDAO.m */ = {isa = PBXFileReference; fileEncoding = 4; lastKnownFileType = sourcecode.c.objc; path = EHIDBChatDAO.m; sourceTree = "<group>"; };
		FB94D1F21E53FB8A00BC86E5 /* EHIFrameSQL.h */ = {isa = PBXFileReference; fileEncoding = 4; lastKnownFileType = sourcecode.c.h; path = EHIFrameSQL.h; sourceTree = "<group>"; };
		FB94D20D1E55460700BC86E5 /* EHIChatListModel.h */ = {isa = PBXFileReference; fileEncoding = 4; lastKnownFileType = sourcecode.c.h; path = EHIChatListModel.h; sourceTree = "<group>"; };
		FB94D20E1E55460700BC86E5 /* EHIChatListModel.m */ = {isa = PBXFileReference; fileEncoding = 4; lastKnownFileType = sourcecode.c.objc; path = EHIChatListModel.m; sourceTree = "<group>"; };
		FB94D2101E55469F00BC86E5 /* EHIContactModel.h */ = {isa = PBXFileReference; fileEncoding = 4; lastKnownFileType = sourcecode.c.h; path = EHIContactModel.h; sourceTree = "<group>"; };
		FB94D2111E55469F00BC86E5 /* EHIContactModel.m */ = {isa = PBXFileReference; fileEncoding = 4; lastKnownFileType = sourcecode.c.objc; path = EHIContactModel.m; sourceTree = "<group>"; };
		FB94D2171E556B9000BC86E5 /* EHIResponseModel.h */ = {isa = PBXFileReference; fileEncoding = 4; lastKnownFileType = sourcecode.c.h; path = EHIResponseModel.h; sourceTree = "<group>"; };
		FB94D2181E556B9000BC86E5 /* EHIResponseModel.m */ = {isa = PBXFileReference; fileEncoding = 4; lastKnownFileType = sourcecode.c.objc; path = EHIResponseModel.m; sourceTree = "<group>"; };
		FB94D21D1E559A9B00BC86E5 /* Chat.xcassets */ = {isa = PBXFileReference; lastKnownFileType = folder.assetcatalog; path = Chat.xcassets; sourceTree = "<group>"; };
		FB94D2251E55AEDF00BC86E5 /* UIView+Frame.h */ = {isa = PBXFileReference; fileEncoding = 4; lastKnownFileType = sourcecode.c.h; path = "UIView+Frame.h"; sourceTree = "<group>"; };
		FB94D2261E55AEDF00BC86E5 /* UIView+Frame.m */ = {isa = PBXFileReference; fileEncoding = 4; lastKnownFileType = sourcecode.c.objc; path = "UIView+Frame.m"; sourceTree = "<group>"; };
		FBCCF3C41E5DDD84000F4559 /* EHIMessageStatusManager.h */ = {isa = PBXFileReference; fileEncoding = 4; lastKnownFileType = sourcecode.c.h; path = EHIMessageStatusManager.h; sourceTree = "<group>"; };
		FBCCF3C51E5DDD84000F4559 /* EHIMessageStatusManager.m */ = {isa = PBXFileReference; fileEncoding = 4; lastKnownFileType = sourcecode.c.objc; path = EHIMessageStatusManager.m; sourceTree = "<group>"; };
		FBCEAC931E5C6504004E8556 /* MBProgressHUD+EHIProgressHUD.h */ = {isa = PBXFileReference; fileEncoding = 4; lastKnownFileType = sourcecode.c.h; path = "MBProgressHUD+EHIProgressHUD.h"; sourceTree = "<group>"; };
		FBCEAC941E5C6504004E8556 /* MBProgressHUD+EHIProgressHUD.m */ = {isa = PBXFileReference; fileEncoding = 4; lastKnownFileType = sourcecode.c.objc; path = "MBProgressHUD+EHIProgressHUD.m"; sourceTree = "<group>"; };
		FBCEAC991E5C8FA7004E8556 /* EHIMemberCollectionViewCell.h */ = {isa = PBXFileReference; fileEncoding = 4; lastKnownFileType = sourcecode.c.h; path = EHIMemberCollectionViewCell.h; sourceTree = "<group>"; };
		FBCEAC9A1E5C8FA7004E8556 /* EHIMemberCollectionViewCell.m */ = {isa = PBXFileReference; fileEncoding = 4; lastKnownFileType = sourcecode.c.objc; path = EHIMemberCollectionViewCell.m; sourceTree = "<group>"; };
		FBDEBB031E5B2D0B0053CCF8 /* EHIShowInfoLabel.h */ = {isa = PBXFileReference; fileEncoding = 4; lastKnownFileType = sourcecode.c.h; path = EHIShowInfoLabel.h; sourceTree = "<group>"; };
		FBDEBB041E5B2D0B0053CCF8 /* EHIShowInfoLabel.m */ = {isa = PBXFileReference; fileEncoding = 4; lastKnownFileType = sourcecode.c.objc; path = EHIShowInfoLabel.m; sourceTree = "<group>"; };
		FBDEBB061E5B2E350053CCF8 /* EHISexSelectView.h */ = {isa = PBXFileReference; fileEncoding = 4; lastKnownFileType = sourcecode.c.h; path = EHISexSelectView.h; sourceTree = "<group>"; };
		FBDEBB071E5B2E350053CCF8 /* EHISexSelectView.m */ = {isa = PBXFileReference; fileEncoding = 4; lastKnownFileType = sourcecode.c.objc; path = EHISexSelectView.m; sourceTree = "<group>"; };
		FBDEBB091E5B34070053CCF8 /* MyInfomation.xcassets */ = {isa = PBXFileReference; lastKnownFileType = folder.assetcatalog; path = MyInfomation.xcassets; sourceTree = "<group>"; };
		FBDEBB0B1E5B417B0053CCF8 /* EHIChatMemberViewController.h */ = {isa = PBXFileReference; fileEncoding = 4; lastKnownFileType = sourcecode.c.h; path = EHIChatMemberViewController.h; sourceTree = "<group>"; };
		FBDEBB0C1E5B417B0053CCF8 /* EHIChatMemberViewController.m */ = {isa = PBXFileReference; fileEncoding = 4; lastKnownFileType = sourcecode.c.objc; path = EHIChatMemberViewController.m; sourceTree = "<group>"; };
/* End PBXFileReference section */

/* Begin PBXFrameworksBuildPhase section */
		FB2564951E24A6AD00A9B857 /* Frameworks */ = {
			isa = PBXFrameworksBuildPhase;
			buildActionMask = 2147483647;
			files = (
				FB26CEBE1E5D5E1C00317299 /* AudioToolbox.framework in Frameworks */,
				AC306C9B95FE8E79D7E1020A /* libPods-MobileSales.a in Frameworks */,
			);
			runOnlyForDeploymentPostprocessing = 0;
		};
		FB2564AE1E24A6AD00A9B857 /* Frameworks */ = {
			isa = PBXFrameworksBuildPhase;
			buildActionMask = 2147483647;
			files = (
			);
			runOnlyForDeploymentPostprocessing = 0;
		};
		FB2564B91E24A6AD00A9B857 /* Frameworks */ = {
			isa = PBXFrameworksBuildPhase;
			buildActionMask = 2147483647;
			files = (
			);
			runOnlyForDeploymentPostprocessing = 0;
		};
/* End PBXFrameworksBuildPhase section */

/* Begin PBXGroup section */
		20ED32A83CD5B41DD6B9F01A /* Frameworks */ = {
			isa = PBXGroup;
			children = (
				FB26CEBD1E5D5E1C00317299 /* AudioToolbox.framework */,
				085593713B4FFC660683E189 /* libPods-MobileSales.a */,
			);
			name = Frameworks;
			sourceTree = "<group>";
		};
		48500991863B2E19E615ED53 /* Pods */ = {
			isa = PBXGroup;
			children = (
				6761FB462D2B42CFD819AECF /* Pods-MobileSales.debug.xcconfig */,
				0179A64639E27837308FB472 /* Pods-MobileSales.release.xcconfig */,
			);
			name = Pods;
			sourceTree = "<group>";
		};
		5C6E9C5D1E263E880092425C /* Controller */ = {
			isa = PBXGroup;
			children = (
				5C6E9C5E1E263E880092425C /* EHILoginViewController.h */,
				5C6E9C5F1E263E880092425C /* EHILoginViewController.m */,
			);
			path = Controller;
			sourceTree = "<group>";
		};
		5C6E9C611E263E980092425C /* Controller */ = {
			isa = PBXGroup;
			children = (
				FB26CE731E5AF1A800317299 /* EHIMyInfomationViewController.h */,
				FB26CE741E5AF1A800317299 /* EHIMyInfomationViewController.m */,
			);
			path = Controller;
			sourceTree = "<group>";
		};
		5C6E9C641E263E980092425C /* View */ = {
			isa = PBXGroup;
			children = (
			);
			path = View;
			sourceTree = "<group>";
		};
		5C70F3D91E2C7B1500E20321 /* View */ = {
			isa = PBXGroup;
			children = (
				5C70F3DA1E2C7B3A00E20321 /* EHILoginContentView.h */,
				5C70F3DB1E2C7B3A00E20321 /* EHILoginContentView.m */,
			);
			path = View;
			sourceTree = "<group>";
		};
		FB25648F1E24A6AD00A9B857 = {
			isa = PBXGroup;
			children = (
				FB26CF101E5E8B9000317299 /* EHIChatLabel.h */,
				FB26CF111E5E8B9000317299 /* EHIChatLabel.m */,
				FB25649A1E24A6AD00A9B857 /* MobileSales */,
				FB2564B41E24A6AD00A9B857 /* MobileSalesTests */,
				FB2564BF1E24A6AD00A9B857 /* MobileSalesUITests */,
				FB2564991E24A6AD00A9B857 /* Products */,
				48500991863B2E19E615ED53 /* Pods */,
				20ED32A83CD5B41DD6B9F01A /* Frameworks */,
			);
			sourceTree = "<group>";
		};
		FB2564991E24A6AD00A9B857 /* Products */ = {
			isa = PBXGroup;
			children = (
				FB2564981E24A6AD00A9B857 /* MobileSales.app */,
				FB2564B11E24A6AD00A9B857 /* MobileSalesTests.xctest */,
				FB2564BC1E24A6AD00A9B857 /* MobileSalesUITests.xctest */,
			);
			name = Products;
			sourceTree = "<group>";
		};
		FB25649A1E24A6AD00A9B857 /* MobileSales */ = {
			isa = PBXGroup;
			children = (
				FB25649E1E24A6AD00A9B857 /* EHIAppDelegate.h */,
				FB25649F1E24A6AD00A9B857 /* EHIAppDelegate.m */,
				FB73EAD61E4DA0BF001F268E /* EHIRootViewController.h */,
				FB73EAD71E4DA0BF001F268E /* EHIRootViewController.m */,
				FB2564DA1E24A6C700A9B857 /* Utils */,
				FB2564CE1E24A6C700A9B857 /* Apps */,
				FB309AA11E49C0B700CE91C9 /* Common */,
				FB309A9D1E49C04100CE91C9 /* Frameworks */,
				FB309A9E1E49C06000CE91C9 /* Launcher */,
				FB309A9F1E49C07200CE91C9 /* Resources */,
				FB309AA01E49C08200CE91C9 /* Services */,
				FB2564D91E24A6C700A9B857 /* Extends */,
				FB25649B1E24A6AD00A9B857 /* Supporting Files */,
			);
			path = MobileSales;
			sourceTree = "<group>";
		};
		FB25649B1E24A6AD00A9B857 /* Supporting Files */ = {
			isa = PBXGroup;
			children = (
				FB2564AC1E24A6AD00A9B857 /* Info.plist */,
				FB25649C1E24A6AD00A9B857 /* main.m */,
				FB2564EF1E25D3E400A9B857 /* MSPrefixHeader.pch */,
			);
			name = "Supporting Files";
			sourceTree = "<group>";
		};
		FB2564B41E24A6AD00A9B857 /* MobileSalesTests */ = {
			isa = PBXGroup;
			children = (
				FB2564B51E24A6AD00A9B857 /* MobileSalesTests.m */,
				FB2564B71E24A6AD00A9B857 /* Info.plist */,
			);
			path = MobileSalesTests;
			sourceTree = "<group>";
		};
		FB2564BF1E24A6AD00A9B857 /* MobileSalesUITests */ = {
			isa = PBXGroup;
			children = (
				FB2564C01E24A6AD00A9B857 /* MobileSalesUITests.m */,
				FB2564C21E24A6AD00A9B857 /* Info.plist */,
			);
			path = MobileSalesUITests;
			sourceTree = "<group>";
		};
		FB2564CE1E24A6C700A9B857 /* Apps */ = {
			isa = PBXGroup;
			children = (
				FB11B24F1E49AC4000074D2D /* EHIHomeViewController.h */,
				FB11B2501E49AC4000074D2D /* EHIHomeViewController.m */,
				FB2564E01E25D24100A9B857 /* Chat */,
				FB2564E21E25D24100A9B857 /* CRM */,
				FB2564E41E25D24100A9B857 /* Login */,
				FB2564E61E25D24100A9B857 /* MyInfomation */,
				FB2564E81E25D24100A9B857 /* Office */,
			);
			path = Apps;
			sourceTree = "<group>";
		};
		FB2564D91E24A6C700A9B857 /* Extends */ = {
			isa = PBXGroup;
			children = (
				FB776EB01E4AF05A008763CE /* Device */,
				FB2564F31E25ECF000A9B857 /* UIColor+ColorWithHex.h */,
				FB2564F41E25ECF000A9B857 /* UIColor+ColorWithHex.m */,
				FB5A5D361E49DB2F00810253 /* UITabBar+EHIBadge.h */,
				FB5A5D371E49DB2F00810253 /* UITabBar+EHIBadge.m */,
				FB776EAD1E4AEE9A008763CE /* NSMutableDictionary+EHIDicSaveString.h */,
				FB776EAE1E4AEE9A008763CE /* NSMutableDictionary+EHIDicSaveString.m */,
				FB73EAD91E4DB4FC001F268E /* WXAlertController.h */,
				FB73EADA1E4DB4FC001F268E /* WXAlertController.m */,
				FB73EADC1E4DB585001F268E /* EHISingleAlertController.h */,
				FB73EADD1E4DB585001F268E /* EHISingleAlertController.m */,
				FB94D1DE1E53F2E700BC86E5 /* NSFileManager+Paths.h */,
				FB94D1DF1E53F2E700BC86E5 /* NSFileManager+Paths.m */,
				FB94D1DB1E53F28700BC86E5 /* NSFileManager+EHIChat.h */,
				FB94D1DC1E53F28700BC86E5 /* NSFileManager+EHIChat.m */,
				FB94D2251E55AEDF00BC86E5 /* UIView+Frame.h */,
				FB94D2261E55AEDF00BC86E5 /* UIView+Frame.m */,
				FB682BB51E57025D007BE819 /* UITableView+TLChat.h */,
				FB682BB61E57025D007BE819 /* UITableView+TLChat.m */,
				FB2EC8681E59E1470066FBF3 /* NSDate+EHIChatFormat.h */,
				FB2EC8691E59E1470066FBF3 /* NSDate+EHIChatFormat.m */,
				FB2EC86B1E59E19C0066FBF3 /* NSDate+Extension.h */,
				FB2EC86C1E59E19C0066FBF3 /* NSDate+Extension.m */,
				FB2EC86D1E59E19C0066FBF3 /* NSDate+Utilities.h */,
				FB2EC86E1E59E19C0066FBF3 /* NSDate+Utilities.m */,
				FB2EC8821E5A7FCD0066FBF3 /* NSString+EHIUUID.h */,
				FB2EC8831E5A7FCD0066FBF3 /* NSString+EHIUUID.m */,
				FB26CE701E5AE2C900317299 /* NSString+EHIDateFormat.h */,
				FB26CE711E5AE2C900317299 /* NSString+EHIDateFormat.m */,
				FBCEAC931E5C6504004E8556 /* MBProgressHUD+EHIProgressHUD.h */,
				FBCEAC941E5C6504004E8556 /* MBProgressHUD+EHIProgressHUD.m */,
			);
			name = Extends;
			path = Thirds;
			sourceTree = "<group>";
		};
		FB2564DA1E24A6C700A9B857 /* Utils */ = {
			isa = PBXGroup;
			children = (
				FB2564F01E25D8B800A9B857 /* EHIMacros.h */,
				FB776EBA1E4AFB2A008763CE /* EHIEnumerate.h */,
				FB73EA5C1E4C1DFE001F268E /* EHIConstant.h */,
				FB94D1B91E53E4DC00BC86E5 /* SQLUtils */,
			);
			path = Utils;
			sourceTree = "<group>";
		};
		FB2564E01E25D24100A9B857 /* Chat */ = {
			isa = PBXGroup;
			children = (
				FB682BBE1E5983EE007BE819 /* EHIChatManager.h */,
				FB682BBF1E5983EE007BE819 /* EHIChatManager.m */,
				FB682B8C1E56EECA007BE819 /* ChatDetail */,
				FB94D1FF1E5544F100BC86E5 /* ChatList */,
			);
			path = Chat;
			sourceTree = "<group>";
		};
		FB2564E21E25D24100A9B857 /* CRM */ = {
			isa = PBXGroup;
			children = (
				FB11B25B1E49ADEF00074D2D /* EHICRMViewController.h */,
				FB11B25C1E49ADEF00074D2D /* EHICRMViewController.m */,
			);
			path = CRM;
			sourceTree = "<group>";
		};
		FB2564E41E25D24100A9B857 /* Login */ = {
			isa = PBXGroup;
			children = (
				FB73EAD21E4D98BC001F268E /* Model */,
				5C70F3D91E2C7B1500E20321 /* View */,
				5C6E9C5D1E263E880092425C /* Controller */,
			);
			path = Login;
			sourceTree = "<group>";
		};
		FB2564E61E25D24100A9B857 /* MyInfomation */ = {
			isa = PBXGroup;
			children = (
				5C6E9C611E263E980092425C /* Controller */,
				5C6E9C641E263E980092425C /* View */,
				FBDEBB031E5B2D0B0053CCF8 /* EHIShowInfoLabel.h */,
				FBDEBB041E5B2D0B0053CCF8 /* EHIShowInfoLabel.m */,
				FBDEBB061E5B2E350053CCF8 /* EHISexSelectView.h */,
				FBDEBB071E5B2E350053CCF8 /* EHISexSelectView.m */,
			);
			path = MyInfomation;
			sourceTree = "<group>";
		};
		FB2564E81E25D24100A9B857 /* Office */ = {
			isa = PBXGroup;
			children = (
				FB11B2581E49AD8A00074D2D /* EHIOfficeViewController.h */,
				FB11B2591E49AD8A00074D2D /* EHIOfficeViewController.m */,
			);
			path = Office;
			sourceTree = "<group>";
		};
		FB2EC8641E59DCD70066FBF3 /* ChatCells */ = {
			isa = PBXGroup;
			children = (
				FB1D88C51E5E4D8E00EC70B2 /* EHIMessageCellDelegate.h */,
				FB2EC8651E59DD270066FBF3 /* EHIMessageBaseCell.h */,
				FB2EC8661E59DD270066FBF3 /* EHIMessageBaseCell.m */,
				FB2EC8711E59E2970066FBF3 /* EHITextMessageCell.h */,
				FB2EC8721E59E2970066FBF3 /* EHITextMessageCell.m */,
			);
			path = ChatCells;
			sourceTree = "<group>";
		};
		FB309A9D1E49C04100CE91C9 /* Frameworks */ = {
			isa = PBXGroup;
			children = (
			);
			path = Frameworks;
			sourceTree = "<group>";
		};
		FB309A9E1E49C06000CE91C9 /* Launcher */ = {
			isa = PBXGroup;
			children = (
				FB73EA4E1E4B1777001F268E /* EHIMovieViewController.h */,
				FB73EA4F1E4B1777001F268E /* EHIMovieViewController.m */,
				FB12DB2D1E4B4FC0006940A3 /* EHILauncherButton.h */,
				FB12DB2E1E4B4FC0006940A3 /* EHILauncherButton.m */,
			);
			path = Launcher;
			sourceTree = "<group>";
		};
		FB309A9F1E49C07200CE91C9 /* Resources */ = {
			isa = PBXGroup;
			children = (
				FB73EA511E4B1C22001F268E /* Videos */,
				FB309AA81E49C8FD00CE91C9 /* Images */,
			);
			path = Resources;
			sourceTree = "<group>";
		};
		FB309AA01E49C08200CE91C9 /* Services */ = {
			isa = PBXGroup;
			children = (
				FB5A5D391E4AACF900810253 /* EHIHttpRequest.h */,
				FB5A5D3A1E4AACF900810253 /* EHIHttpRequest.m */,
				FB5A5D3C1E4AB20900810253 /* EHIBaseRequestModel.h */,
				FB5A5D3D1E4AB20900810253 /* EHIBaseRequestModel.m */,
				FB94D2171E556B9000BC86E5 /* EHIResponseModel.h */,
				FB94D2181E556B9000BC86E5 /* EHIResponseModel.m */,
				FB2EC8851E5A89280066FBF3 /* EHIChatSocketManagerDelegate.h */,
				FB2EC87F1E5A7AF70066FBF3 /* EHIChatSocketManager.h */,
				FB2EC8801E5A7AF70066FBF3 /* EHIChatSocketManager.m */,
				FB1D88C91E5E594100EC70B2 /* EHIMessageStatusManagerDelegate.h */,
				FBCCF3C41E5DDD84000F4559 /* EHIMessageStatusManager.h */,
				FBCCF3C51E5DDD84000F4559 /* EHIMessageStatusManager.m */,
			);
			path = Services;
			sourceTree = "<group>";
		};
		FB309AA11E49C0B700CE91C9 /* Common */ = {
			isa = PBXGroup;
			children = (
				FB776EBE1E4AFBD6008763CE /* EHIUrlList.h */,
				FB776EBF1E4AFBD6008763CE /* EHIUrlList.m */,
				FB776EBB1E4AFB98008763CE /* EHIUserContext.h */,
				FB776EBC1E4AFB98008763CE /* EHIUserContext.m */,
				FB309AA21E49C11500CE91C9 /* EHIViewController.h */,
				FB309AA31E49C11500CE91C9 /* EHIViewController.m */,
				FB309AA51E49C60D00CE91C9 /* EHINavigationController.h */,
				FB309AA61E49C60D00CE91C9 /* EHINavigationController.m */,
			);
			path = Common;
			sourceTree = "<group>";
		};
		FB309AA81E49C8FD00CE91C9 /* Images */ = {
			isa = PBXGroup;
			children = (
				FB309AAA1E49CAD800CE91C9 /* Launcher.xcassets */,
				FB73EA561E4C0024001F268E /* Login.xcassets */,
				FB94D21D1E559A9B00BC86E5 /* Chat.xcassets */,
				FBDEBB091E5B34070053CCF8 /* MyInfomation.xcassets */,
			);
			path = Images;
			sourceTree = "<group>";
		};
		FB682B8C1E56EECA007BE819 /* ChatDetail */ = {
			isa = PBXGroup;
			children = (
				FB682B9F1E56F003007BE819 /* EHIChatDetailViewController.h */,
				FB682BA01E56F003007BE819 /* EHIChatDetailViewController.m */,
				FB682BA11E56F003007BE819 /* EHIChatDetailViewController+Delegate.h */,
				FB682BA21E56F003007BE819 /* EHIChatDetailViewController+Delegate.m */,
				FBDEBB0B1E5B417B0053CCF8 /* EHIChatMemberViewController.h */,
				FBDEBB0C1E5B417B0053CCF8 /* EHIChatMemberViewController.m */,
				FBCEAC991E5C8FA7004E8556 /* EHIMemberCollectionViewCell.h */,
				FBCEAC9A1E5C8FA7004E8556 /* EHIMemberCollectionViewCell.m */,
				FB682B921E56EF79007BE819 /* ChatKeyboard */,
				FB682B911E56EF69007BE819 /* ChatBar */,
				FB682B901E56EF58007BE819 /* ChatDisplay */,
				FB682B8F1E56EF4F007BE819 /* Model */,
			);
			path = ChatDetail;
			sourceTree = "<group>";
		};
		FB682B8D1E56EEE1007BE819 /* Views */ = {
			isa = PBXGroup;
			children = (
				FB682B991E56EFD8007BE819 /* EHIChatListTableViewCell.h */,
				FB682B9A1E56EFD8007BE819 /* EHIChatListTableViewCell.m */,
				FB682B9B1E56EFD8007BE819 /* EHISegmentedControl.h */,
				FB682B9C1E56EFD8007BE819 /* EHISegmentedControl.m */,
			);
			path = Views;
			sourceTree = "<group>";
		};
		FB682B8E1E56EEE9007BE819 /* Controllers */ = {
			isa = PBXGroup;
			children = (
				FB682B931E56EFCF007BE819 /* EHIChatViewController.h */,
				FB682B941E56EFCF007BE819 /* EHIChatViewController.m */,
				FB682B951E56EFCF007BE819 /* EHIChatViewController+Delegate.h */,
				FB682B961E56EFCF007BE819 /* EHIChatViewController+Delegate.m */,
			);
			path = Controllers;
			sourceTree = "<group>";
		};
		FB682B8F1E56EF4F007BE819 /* Model */ = {
			isa = PBXGroup;
			children = (
				FB682BC11E598D15007BE819 /* EHIMessage.h */,
				FB682BC21E598D15007BE819 /* EHIMessage.m */,
				FB682BC41E598D65007BE819 /* EHIMessageFrame.h */,
				FB682BC51E598D65007BE819 /* EHIMessageFrame.m */,
				FB682BCA1E598F24007BE819 /* EHITextMessage.h */,
				FB682BCB1E598F24007BE819 /* EHITextMessage.m */,
			);
			path = Model;
			sourceTree = "<group>";
		};
		FB682B901E56EF58007BE819 /* ChatDisplay */ = {
			isa = PBXGroup;
			children = (
				FB2EC8641E59DCD70066FBF3 /* ChatCells */,
				FB682BB11E56FBE1007BE819 /* EHIChatMessageDisplayViewDelegate.h */,
				FB682BAE1E56FBC4007BE819 /* EHIChatMessageDisplayView.h */,
				FB682BAF1E56FBC4007BE819 /* EHIChatMessageDisplayView.m */,
				FB682BB81E570459007BE819 /* EHIChatMessageDisplayView+Delegate.h */,
				FB682BB91E570459007BE819 /* EHIChatMessageDisplayView+Delegate.m */,
			);
			path = ChatDisplay;
			sourceTree = "<group>";
		};
		FB682B911E56EF69007BE819 /* ChatBar */ = {
			isa = PBXGroup;
			children = (
				FB682BA81E56F15C007BE819 /* EHIChatBarDelegate.h */,
				FB682BA51E56F00D007BE819 /* EHIChatBar.h */,
				FB682BA61E56F00D007BE819 /* EHIChatBar.m */,
			);
			path = ChatBar;
			sourceTree = "<group>";
		};
		FB682B921E56EF79007BE819 /* ChatKeyboard */ = {
			isa = PBXGroup;
			children = (
				FB682BAA1E56F88B007BE819 /* EHIKeyboardDelegate.h */,
				FB682BAB1E56FAAB007BE819 /* EHIKeyboard.h */,
				FB682BAC1E56FAAB007BE819 /* EHIKeyboard.m */,
			);
			path = ChatKeyboard;
			sourceTree = "<group>";
		};
		FB73EA511E4B1C22001F268E /* Videos */ = {
			isa = PBXGroup;
			children = (
				FB73EACE1E4D9571001F268E /* login_movie.mp4 */,
				FB73EACF1E4D9571001F268E /* normal_movie.mp4 */,
			);
			name = Videos;
			path = Vidio;
			sourceTree = "<group>";
		};
		FB73EAD21E4D98BC001F268E /* Model */ = {
			isa = PBXGroup;
			children = (
				FB73EAD31E4D98D6001F268E /* EHIUserModel.h */,
				FB73EAD41E4D98D6001F268E /* EHIUserModel.m */,
			);
			path = Model;
			sourceTree = "<group>";
		};
		FB776EB01E4AF05A008763CE /* Device */ = {
			isa = PBXGroup;
			children = (
				FB776EB11E4AF065008763CE /* IPAddress.c */,
				FB776EB21E4AF065008763CE /* IPAddress.h */,
				FB776EB31E4AF065008763CE /* NSString+MD5Addition.h */,
				FB776EB41E4AF065008763CE /* NSString+MD5Addition.m */,
				FB776EB51E4AF065008763CE /* UIDevice+IdentifierAddition.h */,
				FB776EB61E4AF065008763CE /* UIDevice+IdentifierAddition.m */,
			);
			path = Device;
			sourceTree = "<group>";
		};
		FB94D1B91E53E4DC00BC86E5 /* SQLUtils */ = {
			isa = PBXGroup;
			children = (
				FB94D1E51E53FB5E00BC86E5 /* EHIDBBaseUtils */,
				FB94D1E41E53FB3000BC86E5 /* EHIDBFrameUtil */,
				FB94D1E31E53FAF400BC86E5 /* EHIDBChatUtil */,
			);
			name = SQLUtils;
			path = DAO;
			sourceTree = "<group>";
		};
		FB94D1E31E53FAF400BC86E5 /* EHIDBChatUtil */ = {
			isa = PBXGroup;
			children = (
				FB94D1EC1E53FB8200BC86E5 /* EHIChatSQL.h */,
				FB94D1ED1E53FB8200BC86E5 /* EHIDBChatDAO.h */,
				FB94D1EE1E53FB8200BC86E5 /* EHIDBChatDAO.m */,
			);
			name = EHIDBChatUtil;
			path = EHIChatUtil;
			sourceTree = "<group>";
		};
		FB94D1E41E53FB3000BC86E5 /* EHIDBFrameUtil */ = {
			isa = PBXGroup;
			children = (
				FB94D1F21E53FB8A00BC86E5 /* EHIFrameSQL.h */,
				FB26CE781E5BEE6000317299 /* EHIDBFrameDAO.h */,
				FB26CE791E5BEE6000317299 /* EHIDBFrameDAO.m */,
			);
			name = EHIDBFrameUtil;
			path = EHIFrameUtil;
			sourceTree = "<group>";
		};
		FB94D1E51E53FB5E00BC86E5 /* EHIDBBaseUtils */ = {
			isa = PBXGroup;
			children = (
				FB94D1E61E53FB7A00BC86E5 /* EHIDBBaseDAO.h */,
				FB94D1E71E53FB7A00BC86E5 /* EHIDBBaseDAO.m */,
				FB94D1E81E53FB7A00BC86E5 /* EHIDBManager.h */,
				FB94D1E91E53FB7A00BC86E5 /* EHIDBManager.m */,
			);
			path = EHIDBBaseUtils;
			sourceTree = "<group>";
		};
		FB94D1FF1E5544F100BC86E5 /* ChatList */ = {
			isa = PBXGroup;
			children = (
				FB682B8E1E56EEE9007BE819 /* Controllers */,
				FB682B8D1E56EEE1007BE819 /* Views */,
				FB94D2091E55452F00BC86E5 /* Models */,
			);
			path = ChatList;
			sourceTree = "<group>";
		};
		FB94D2091E55452F00BC86E5 /* Models */ = {
			isa = PBXGroup;
			children = (
				FB94D20D1E55460700BC86E5 /* EHIChatListModel.h */,
				FB94D20E1E55460700BC86E5 /* EHIChatListModel.m */,
				FB94D2101E55469F00BC86E5 /* EHIContactModel.h */,
				FB94D2111E55469F00BC86E5 /* EHIContactModel.m */,
			);
			path = Models;
			sourceTree = "<group>";
		};
/* End PBXGroup section */

/* Begin PBXNativeTarget section */
		FB2564971E24A6AD00A9B857 /* MobileSales */ = {
			isa = PBXNativeTarget;
			buildConfigurationList = FB2564C51E24A6AD00A9B857 /* Build configuration list for PBXNativeTarget "MobileSales" */;
			buildPhases = (
				4186CF28B2786AE855077017 /* [CP] Check Pods Manifest.lock */,
				FB2564941E24A6AD00A9B857 /* Sources */,
				FB2564951E24A6AD00A9B857 /* Frameworks */,
				FB2564961E24A6AD00A9B857 /* Resources */,
				A14CDD2FAC40F275DBBB84AB /* [CP] Embed Pods Frameworks */,
				586DD205C26D64174E9ED5D9 /* [CP] Copy Pods Resources */,
			);
			buildRules = (
			);
			dependencies = (
			);
			name = MobileSales;
			productName = MobileSales;
			productReference = FB2564981E24A6AD00A9B857 /* MobileSales.app */;
			productType = "com.apple.product-type.application";
		};
		FB2564B01E24A6AD00A9B857 /* MobileSalesTests */ = {
			isa = PBXNativeTarget;
			buildConfigurationList = FB2564C81E24A6AD00A9B857 /* Build configuration list for PBXNativeTarget "MobileSalesTests" */;
			buildPhases = (
				FB2564AD1E24A6AD00A9B857 /* Sources */,
				FB2564AE1E24A6AD00A9B857 /* Frameworks */,
				FB2564AF1E24A6AD00A9B857 /* Resources */,
			);
			buildRules = (
			);
			dependencies = (
				FB2564B31E24A6AD00A9B857 /* PBXTargetDependency */,
			);
			name = MobileSalesTests;
			productName = MobileSalesTests;
			productReference = FB2564B11E24A6AD00A9B857 /* MobileSalesTests.xctest */;
			productType = "com.apple.product-type.bundle.unit-test";
		};
		FB2564BB1E24A6AD00A9B857 /* MobileSalesUITests */ = {
			isa = PBXNativeTarget;
			buildConfigurationList = FB2564CB1E24A6AD00A9B857 /* Build configuration list for PBXNativeTarget "MobileSalesUITests" */;
			buildPhases = (
				FB2564B81E24A6AD00A9B857 /* Sources */,
				FB2564B91E24A6AD00A9B857 /* Frameworks */,
				FB2564BA1E24A6AD00A9B857 /* Resources */,
			);
			buildRules = (
			);
			dependencies = (
				FB2564BE1E24A6AD00A9B857 /* PBXTargetDependency */,
			);
			name = MobileSalesUITests;
			productName = MobileSalesUITests;
			productReference = FB2564BC1E24A6AD00A9B857 /* MobileSalesUITests.xctest */;
			productType = "com.apple.product-type.bundle.ui-testing";
		};
/* End PBXNativeTarget section */

/* Begin PBXProject section */
		FB2564901E24A6AD00A9B857 /* Project object */ = {
			isa = PBXProject;
			attributes = {
				CLASSPREFIX = EHI;
				LastUpgradeCheck = 0820;
				ORGANIZATIONNAME = wxdeng;
				TargetAttributes = {
					FB2564971E24A6AD00A9B857 = {
						CreatedOnToolsVersion = 8.2.1;
						DevelopmentTeam = WSJK7MN7ZH;
						ProvisioningStyle = Automatic;
					};
					FB2564B01E24A6AD00A9B857 = {
						CreatedOnToolsVersion = 8.2.1;
						DevelopmentTeam = WSJK7MN7ZH;
						ProvisioningStyle = Automatic;
						TestTargetID = FB2564971E24A6AD00A9B857;
					};
					FB2564BB1E24A6AD00A9B857 = {
						CreatedOnToolsVersion = 8.2.1;
						DevelopmentTeam = WSJK7MN7ZH;
						ProvisioningStyle = Automatic;
						TestTargetID = FB2564971E24A6AD00A9B857;
					};
				};
			};
			buildConfigurationList = FB2564931E24A6AD00A9B857 /* Build configuration list for PBXProject "MobileSales" */;
			compatibilityVersion = "Xcode 3.2";
			developmentRegion = English;
			hasScannedForEncodings = 0;
			knownRegions = (
				en,
				Base,
			);
			mainGroup = FB25648F1E24A6AD00A9B857;
			productRefGroup = FB2564991E24A6AD00A9B857 /* Products */;
			projectDirPath = "";
			projectRoot = "";
			targets = (
				FB2564971E24A6AD00A9B857 /* MobileSales */,
				FB2564B01E24A6AD00A9B857 /* MobileSalesTests */,
				FB2564BB1E24A6AD00A9B857 /* MobileSalesUITests */,
			);
		};
/* End PBXProject section */

/* Begin PBXResourcesBuildPhase section */
		FB2564961E24A6AD00A9B857 /* Resources */ = {
			isa = PBXResourcesBuildPhase;
			buildActionMask = 2147483647;
			files = (
				FB73EAD01E4D9571001F268E /* login_movie.mp4 in Resources */,
				FBDEBB0A1E5B34070053CCF8 /* MyInfomation.xcassets in Resources */,
				FB73EA571E4C0024001F268E /* Login.xcassets in Resources */,
				FB309AAB1E49CAD800CE91C9 /* Launcher.xcassets in Resources */,
				FB73EAD11E4D9571001F268E /* normal_movie.mp4 in Resources */,
				FB94D21E1E559A9B00BC86E5 /* Chat.xcassets in Resources */,
			);
			runOnlyForDeploymentPostprocessing = 0;
		};
		FB2564AF1E24A6AD00A9B857 /* Resources */ = {
			isa = PBXResourcesBuildPhase;
			buildActionMask = 2147483647;
			files = (
			);
			runOnlyForDeploymentPostprocessing = 0;
		};
		FB2564BA1E24A6AD00A9B857 /* Resources */ = {
			isa = PBXResourcesBuildPhase;
			buildActionMask = 2147483647;
			files = (
			);
			runOnlyForDeploymentPostprocessing = 0;
		};
/* End PBXResourcesBuildPhase section */

/* Begin PBXShellScriptBuildPhase section */
		4186CF28B2786AE855077017 /* [CP] Check Pods Manifest.lock */ = {
			isa = PBXShellScriptBuildPhase;
			buildActionMask = 2147483647;
			files = (
			);
			inputPaths = (
			);
			name = "[CP] Check Pods Manifest.lock";
			outputPaths = (
			);
			runOnlyForDeploymentPostprocessing = 0;
			shellPath = /bin/sh;
			shellScript = "diff \"${PODS_ROOT}/../Podfile.lock\" \"${PODS_ROOT}/Manifest.lock\" > /dev/null\nif [[ $? != 0 ]] ; then\n    cat << EOM\nerror: The sandbox is not in sync with the Podfile.lock. Run 'pod install' or update your CocoaPods installation.\nEOM\n    exit 1\nfi\n";
			showEnvVarsInLog = 0;
		};
		586DD205C26D64174E9ED5D9 /* [CP] Copy Pods Resources */ = {
			isa = PBXShellScriptBuildPhase;
			buildActionMask = 2147483647;
			files = (
			);
			inputPaths = (
			);
			name = "[CP] Copy Pods Resources";
			outputPaths = (
			);
			runOnlyForDeploymentPostprocessing = 0;
			shellPath = /bin/sh;
			shellScript = "\"${SRCROOT}/Pods/Target Support Files/Pods-MobileSales/Pods-MobileSales-resources.sh\"\n";
			showEnvVarsInLog = 0;
		};
		A14CDD2FAC40F275DBBB84AB /* [CP] Embed Pods Frameworks */ = {
			isa = PBXShellScriptBuildPhase;
			buildActionMask = 2147483647;
			files = (
			);
			inputPaths = (
			);
			name = "[CP] Embed Pods Frameworks";
			outputPaths = (
			);
			runOnlyForDeploymentPostprocessing = 0;
			shellPath = /bin/sh;
			shellScript = "\"${SRCROOT}/Pods/Target Support Files/Pods-MobileSales/Pods-MobileSales-frameworks.sh\"\n";
			showEnvVarsInLog = 0;
		};
/* End PBXShellScriptBuildPhase section */

/* Begin PBXSourcesBuildPhase section */
		FB2564941E24A6AD00A9B857 /* Sources */ = {
			isa = PBXSourcesBuildPhase;
			buildActionMask = 2147483647;
			files = (
				FB682B9E1E56EFD8007BE819 /* EHISegmentedControl.m in Sources */,
				FB94D1EB1E53FB7A00BC86E5 /* EHIDBManager.m in Sources */,
				FB682BB01E56FBC4007BE819 /* EHIChatMessageDisplayView.m in Sources */,
				FB309AA71E49C60D00CE91C9 /* EHINavigationController.m in Sources */,
				FB682B9D1E56EFD8007BE819 /* EHIChatListTableViewCell.m in Sources */,
				FB682BBA1E570459007BE819 /* EHIChatMessageDisplayView+Delegate.m in Sources */,
				FB5A5D3E1E4AB20900810253 /* EHIBaseRequestModel.m in Sources */,
				FB682B971E56EFCF007BE819 /* EHIChatViewController.m in Sources */,
				FB2564A01E24A6AD00A9B857 /* EHIAppDelegate.m in Sources */,
				FB94D2121E55469F00BC86E5 /* EHIContactModel.m in Sources */,
				FB5A5D3B1E4AACF900810253 /* EHIHttpRequest.m in Sources */,
				FB776EB91E4AF065008763CE /* UIDevice+IdentifierAddition.m in Sources */,
				FB682BB71E57025D007BE819 /* UITableView+TLChat.m in Sources */,
				FB309AA41E49C11500CE91C9 /* EHIViewController.m in Sources */,
				FB11B25A1E49AD8A00074D2D /* EHIOfficeViewController.m in Sources */,
				FB682BA31E56F003007BE819 /* EHIChatDetailViewController.m in Sources */,
				FB73EADB1E4DB4FC001F268E /* WXAlertController.m in Sources */,
				FB2EC8841E5A7FCD0066FBF3 /* NSString+EHIUUID.m in Sources */,
				FB682B981E56EFCF007BE819 /* EHIChatViewController+Delegate.m in Sources */,
				FB2564F51E25ECF000A9B857 /* UIColor+ColorWithHex.m in Sources */,
				FBCCF3C61E5DDD84000F4559 /* EHIMessageStatusManager.m in Sources */,
				FB682BCC1E598F24007BE819 /* EHITextMessage.m in Sources */,
				FB26CE761E5AF1A800317299 /* EHIMyInfomationViewController.m in Sources */,
				FB25649D1E24A6AD00A9B857 /* main.m in Sources */,
				FB73EA501E4B1777001F268E /* EHIMovieViewController.m in Sources */,
				FB12DB2F1E4B4FC0006940A3 /* EHILauncherButton.m in Sources */,
				FB94D1EF1E53FB8200BC86E5 /* EHIDBChatDAO.m in Sources */,
				FB682BC01E5983EE007BE819 /* EHIChatManager.m in Sources */,
				FB94D1DD1E53F28700BC86E5 /* NSFileManager+EHIChat.m in Sources */,
				FB94D2191E556B9000BC86E5 /* EHIResponseModel.m in Sources */,
				FB2EC8701E59E19C0066FBF3 /* NSDate+Utilities.m in Sources */,
				FB682BC61E598D65007BE819 /* EHIMessageFrame.m in Sources */,
				FB682BA71E56F00D007BE819 /* EHIChatBar.m in Sources */,
				FB73EAD81E4DA0BF001F268E /* EHIRootViewController.m in Sources */,
				FB682BAD1E56FAAB007BE819 /* EHIKeyboard.m in Sources */,
				FB73EAD51E4D98D6001F268E /* EHIUserModel.m in Sources */,
				5C6E9C601E263E880092425C /* EHILoginViewController.m in Sources */,
				FB776EB81E4AF065008763CE /* NSString+MD5Addition.m in Sources */,
				FB94D1E01E53F2E700BC86E5 /* NSFileManager+Paths.m in Sources */,
				FB73EADE1E4DB585001F268E /* EHISingleAlertController.m in Sources */,
				FB26CE721E5AE2C900317299 /* NSString+EHIDateFormat.m in Sources */,
				FB2EC8731E59E2970066FBF3 /* EHITextMessageCell.m in Sources */,
				FB11B25D1E49ADEF00074D2D /* EHICRMViewController.m in Sources */,
				FB94D20F1E55460700BC86E5 /* EHIChatListModel.m in Sources */,
				FBDEBB0D1E5B417B0053CCF8 /* EHIChatMemberViewController.m in Sources */,
				FB2EC8811E5A7AF70066FBF3 /* EHIChatSocketManager.m in Sources */,
				FB94D2271E55AEDF00BC86E5 /* UIView+Frame.m in Sources */,
				FB2EC86A1E59E1470066FBF3 /* NSDate+EHIChatFormat.m in Sources */,
				FB682BA41E56F003007BE819 /* EHIChatDetailViewController+Delegate.m in Sources */,
				FB26CF121E5E8B9000317299 /* EHIChatLabel.m in Sources */,
				FB2EC8671E59DD270066FBF3 /* EHIMessageBaseCell.m in Sources */,
				FBCEAC9B1E5C8FA7004E8556 /* EHIMemberCollectionViewCell.m in Sources */,
				FB5A5D381E49DB2F00810253 /* UITabBar+EHIBadge.m in Sources */,
				FB776EB71E4AF065008763CE /* IPAddress.c in Sources */,
				5C70F3DC1E2C7B3A00E20321 /* EHILoginContentView.m in Sources */,
				FB26CE7A1E5BEE6000317299 /* EHIDBFrameDAO.m in Sources */,
				FBCEAC951E5C6504004E8556 /* MBProgressHUD+EHIProgressHUD.m in Sources */,
				FB2EC86F1E59E19C0066FBF3 /* NSDate+Extension.m in Sources */,
				FB94D1EA1E53FB7A00BC86E5 /* EHIDBBaseDAO.m in Sources */,
				FB682BC31E598D15007BE819 /* EHIMessage.m in Sources */,
				FB776EBD1E4AFB98008763CE /* EHIUserContext.m in Sources */,
				FB776EC01E4AFBD6008763CE /* EHIUrlList.m in Sources */,
				FBDEBB081E5B2E350053CCF8 /* EHISexSelectView.m in Sources */,
				FB11B2511E49AC4000074D2D /* EHIHomeViewController.m in Sources */,
				FB776EAF1E4AEE9A008763CE /* NSMutableDictionary+EHIDicSaveString.m in Sources */,
				FBDEBB051E5B2D0B0053CCF8 /* EHIShowInfoLabel.m in Sources */,
			);
			runOnlyForDeploymentPostprocessing = 0;
		};
		FB2564AD1E24A6AD00A9B857 /* Sources */ = {
			isa = PBXSourcesBuildPhase;
			buildActionMask = 2147483647;
			files = (
				FB2564B61E24A6AD00A9B857 /* MobileSalesTests.m in Sources */,
			);
			runOnlyForDeploymentPostprocessing = 0;
		};
		FB2564B81E24A6AD00A9B857 /* Sources */ = {
			isa = PBXSourcesBuildPhase;
			buildActionMask = 2147483647;
			files = (
				FB2564C11E24A6AD00A9B857 /* MobileSalesUITests.m in Sources */,
			);
			runOnlyForDeploymentPostprocessing = 0;
		};
/* End PBXSourcesBuildPhase section */

/* Begin PBXTargetDependency section */
		FB2564B31E24A6AD00A9B857 /* PBXTargetDependency */ = {
			isa = PBXTargetDependency;
			target = FB2564971E24A6AD00A9B857 /* MobileSales */;
			targetProxy = FB2564B21E24A6AD00A9B857 /* PBXContainerItemProxy */;
		};
		FB2564BE1E24A6AD00A9B857 /* PBXTargetDependency */ = {
			isa = PBXTargetDependency;
			target = FB2564971E24A6AD00A9B857 /* MobileSales */;
			targetProxy = FB2564BD1E24A6AD00A9B857 /* PBXContainerItemProxy */;
		};
/* End PBXTargetDependency section */

/* Begin XCBuildConfiguration section */
		FB2564C31E24A6AD00A9B857 /* Debug */ = {
			isa = XCBuildConfiguration;
			buildSettings = {
				ALWAYS_SEARCH_USER_PATHS = NO;
				CLANG_ANALYZER_NONNULL = YES;
				CLANG_CXX_LANGUAGE_STANDARD = "gnu++0x";
				CLANG_CXX_LIBRARY = "libc++";
				CLANG_ENABLE_MODULES = YES;
				CLANG_ENABLE_OBJC_ARC = YES;
				CLANG_WARN_BOOL_CONVERSION = YES;
				CLANG_WARN_CONSTANT_CONVERSION = YES;
				CLANG_WARN_DIRECT_OBJC_ISA_USAGE = YES_ERROR;
				CLANG_WARN_DOCUMENTATION_COMMENTS = YES;
				CLANG_WARN_EMPTY_BODY = YES;
				CLANG_WARN_ENUM_CONVERSION = YES;
				CLANG_WARN_INFINITE_RECURSION = YES;
				CLANG_WARN_INT_CONVERSION = YES;
				CLANG_WARN_OBJC_ROOT_CLASS = YES_ERROR;
				CLANG_WARN_SUSPICIOUS_MOVE = YES;
				CLANG_WARN_UNREACHABLE_CODE = YES;
				CLANG_WARN__DUPLICATE_METHOD_MATCH = YES;
				"CODE_SIGN_IDENTITY[sdk=iphoneos*]" = "iPhone Developer";
				COPY_PHASE_STRIP = NO;
				DEBUG_INFORMATION_FORMAT = dwarf;
				ENABLE_STRICT_OBJC_MSGSEND = YES;
				ENABLE_TESTABILITY = YES;
				GCC_C_LANGUAGE_STANDARD = gnu99;
				GCC_DYNAMIC_NO_PIC = NO;
				GCC_NO_COMMON_BLOCKS = YES;
				GCC_OPTIMIZATION_LEVEL = 0;
				GCC_PREPROCESSOR_DEFINITIONS = (
					"DEBUG=1",
					"$(inherited)",
				);
				GCC_WARN_64_TO_32_BIT_CONVERSION = YES;
				GCC_WARN_ABOUT_RETURN_TYPE = YES_ERROR;
				GCC_WARN_UNDECLARED_SELECTOR = YES;
				GCC_WARN_UNINITIALIZED_AUTOS = YES_AGGRESSIVE;
				GCC_WARN_UNUSED_FUNCTION = YES;
				GCC_WARN_UNUSED_VARIABLE = YES;
				IPHONEOS_DEPLOYMENT_TARGET = 10.2;
				MTL_ENABLE_DEBUG_INFO = YES;
				ONLY_ACTIVE_ARCH = YES;
				SDKROOT = iphoneos;
				TARGETED_DEVICE_FAMILY = "1,2";
			};
			name = Debug;
		};
		FB2564C41E24A6AD00A9B857 /* Release */ = {
			isa = XCBuildConfiguration;
			buildSettings = {
				ALWAYS_SEARCH_USER_PATHS = NO;
				CLANG_ANALYZER_NONNULL = YES;
				CLANG_CXX_LANGUAGE_STANDARD = "gnu++0x";
				CLANG_CXX_LIBRARY = "libc++";
				CLANG_ENABLE_MODULES = YES;
				CLANG_ENABLE_OBJC_ARC = YES;
				CLANG_WARN_BOOL_CONVERSION = YES;
				CLANG_WARN_CONSTANT_CONVERSION = YES;
				CLANG_WARN_DIRECT_OBJC_ISA_USAGE = YES_ERROR;
				CLANG_WARN_DOCUMENTATION_COMMENTS = YES;
				CLANG_WARN_EMPTY_BODY = YES;
				CLANG_WARN_ENUM_CONVERSION = YES;
				CLANG_WARN_INFINITE_RECURSION = YES;
				CLANG_WARN_INT_CONVERSION = YES;
				CLANG_WARN_OBJC_ROOT_CLASS = YES_ERROR;
				CLANG_WARN_SUSPICIOUS_MOVE = YES;
				CLANG_WARN_UNREACHABLE_CODE = YES;
				CLANG_WARN__DUPLICATE_METHOD_MATCH = YES;
				"CODE_SIGN_IDENTITY[sdk=iphoneos*]" = "iPhone Developer";
				COPY_PHASE_STRIP = NO;
				DEBUG_INFORMATION_FORMAT = "dwarf-with-dsym";
				ENABLE_NS_ASSERTIONS = NO;
				ENABLE_STRICT_OBJC_MSGSEND = YES;
				GCC_C_LANGUAGE_STANDARD = gnu99;
				GCC_NO_COMMON_BLOCKS = YES;
				GCC_WARN_64_TO_32_BIT_CONVERSION = YES;
				GCC_WARN_ABOUT_RETURN_TYPE = YES_ERROR;
				GCC_WARN_UNDECLARED_SELECTOR = YES;
				GCC_WARN_UNINITIALIZED_AUTOS = YES_AGGRESSIVE;
				GCC_WARN_UNUSED_FUNCTION = YES;
				GCC_WARN_UNUSED_VARIABLE = YES;
				IPHONEOS_DEPLOYMENT_TARGET = 10.2;
				MTL_ENABLE_DEBUG_INFO = NO;
				SDKROOT = iphoneos;
				TARGETED_DEVICE_FAMILY = "1,2";
				VALIDATE_PRODUCT = YES;
			};
			name = Release;
		};
		FB2564C61E24A6AD00A9B857 /* Debug */ = {
			isa = XCBuildConfiguration;
			baseConfigurationReference = 6761FB462D2B42CFD819AECF /* Pods-MobileSales.debug.xcconfig */;
			buildSettings = {
				ASSETCATALOG_COMPILER_APPICON_NAME = AppIcon;
				ASSETCATALOG_COMPILER_LAUNCHIMAGE_NAME = LaunchImage;
				DEVELOPMENT_TEAM = WSJK7MN7ZH;
				GCC_PRECOMPILE_PREFIX_HEADER = YES;
				GCC_PREFIX_HEADER = "$(SRCROOT)/MobileSales/MSPrefixHeader.pch";
				INFOPLIST_FILE = MobileSales/Info.plist;
				IPHONEOS_DEPLOYMENT_TARGET = 8.0;
				LD_RUNPATH_SEARCH_PATHS = "$(inherited) @executable_path/Frameworks";
				PRODUCT_BUNDLE_IDENTIFIER = cn.yihai.MobileSales;
				PRODUCT_NAME = "$(TARGET_NAME)";
				TARGETED_DEVICE_FAMILY = 1;
			};
			name = Debug;
		};
		FB2564C71E24A6AD00A9B857 /* Release */ = {
			isa = XCBuildConfiguration;
			baseConfigurationReference = 0179A64639E27837308FB472 /* Pods-MobileSales.release.xcconfig */;
			buildSettings = {
				ASSETCATALOG_COMPILER_APPICON_NAME = AppIcon;
				ASSETCATALOG_COMPILER_LAUNCHIMAGE_NAME = LaunchImage;
				DEVELOPMENT_TEAM = WSJK7MN7ZH;
				GCC_PRECOMPILE_PREFIX_HEADER = YES;
				GCC_PREFIX_HEADER = "$(SRCROOT)/MobileSales/MSPrefixHeader.pch";
				INFOPLIST_FILE = MobileSales/Info.plist;
				IPHONEOS_DEPLOYMENT_TARGET = 8.0;
				LD_RUNPATH_SEARCH_PATHS = "$(inherited) @executable_path/Frameworks";
				PRODUCT_BUNDLE_IDENTIFIER = cn.yihai.MobileSales;
				PRODUCT_NAME = "$(TARGET_NAME)";
				TARGETED_DEVICE_FAMILY = 1;
			};
			name = Release;
		};
		FB2564C91E24A6AD00A9B857 /* Debug */ = {
			isa = XCBuildConfiguration;
			buildSettings = {
				BUNDLE_LOADER = "$(TEST_HOST)";
				DEVELOPMENT_TEAM = WSJK7MN7ZH;
				INFOPLIST_FILE = MobileSalesTests/Info.plist;
				LD_RUNPATH_SEARCH_PATHS = "$(inherited) @executable_path/Frameworks @loader_path/Frameworks";
				PRODUCT_BUNDLE_IDENTIFIER = cn.yihai.MobileSalesTests;
				PRODUCT_NAME = "$(TARGET_NAME)";
				TEST_HOST = "$(BUILT_PRODUCTS_DIR)/MobileSales.app/MobileSales";
			};
			name = Debug;
		};
		FB2564CA1E24A6AD00A9B857 /* Release */ = {
			isa = XCBuildConfiguration;
			buildSettings = {
				BUNDLE_LOADER = "$(TEST_HOST)";
				DEVELOPMENT_TEAM = WSJK7MN7ZH;
				INFOPLIST_FILE = MobileSalesTests/Info.plist;
				LD_RUNPATH_SEARCH_PATHS = "$(inherited) @executable_path/Frameworks @loader_path/Frameworks";
				PRODUCT_BUNDLE_IDENTIFIER = cn.yihai.MobileSalesTests;
				PRODUCT_NAME = "$(TARGET_NAME)";
				TEST_HOST = "$(BUILT_PRODUCTS_DIR)/MobileSales.app/MobileSales";
			};
			name = Release;
		};
		FB2564CC1E24A6AD00A9B857 /* Debug */ = {
			isa = XCBuildConfiguration;
			buildSettings = {
				DEVELOPMENT_TEAM = WSJK7MN7ZH;
				INFOPLIST_FILE = MobileSalesUITests/Info.plist;
				LD_RUNPATH_SEARCH_PATHS = "$(inherited) @executable_path/Frameworks @loader_path/Frameworks";
				PRODUCT_BUNDLE_IDENTIFIER = cn.yihai.MobileSalesUITests;
				PRODUCT_NAME = "$(TARGET_NAME)";
				TEST_TARGET_NAME = MobileSales;
			};
			name = Debug;
		};
		FB2564CD1E24A6AD00A9B857 /* Release */ = {
			isa = XCBuildConfiguration;
			buildSettings = {
				DEVELOPMENT_TEAM = WSJK7MN7ZH;
				INFOPLIST_FILE = MobileSalesUITests/Info.plist;
				LD_RUNPATH_SEARCH_PATHS = "$(inherited) @executable_path/Frameworks @loader_path/Frameworks";
				PRODUCT_BUNDLE_IDENTIFIER = cn.yihai.MobileSalesUITests;
				PRODUCT_NAME = "$(TARGET_NAME)";
				TEST_TARGET_NAME = MobileSales;
			};
			name = Release;
		};
/* End XCBuildConfiguration section */

/* Begin XCConfigurationList section */
		FB2564931E24A6AD00A9B857 /* Build configuration list for PBXProject "MobileSales" */ = {
			isa = XCConfigurationList;
			buildConfigurations = (
				FB2564C31E24A6AD00A9B857 /* Debug */,
				FB2564C41E24A6AD00A9B857 /* Release */,
			);
			defaultConfigurationIsVisible = 0;
			defaultConfigurationName = Release;
		};
		FB2564C51E24A6AD00A9B857 /* Build configuration list for PBXNativeTarget "MobileSales" */ = {
			isa = XCConfigurationList;
			buildConfigurations = (
				FB2564C61E24A6AD00A9B857 /* Debug */,
				FB2564C71E24A6AD00A9B857 /* Release */,
			);
			defaultConfigurationIsVisible = 0;
			defaultConfigurationName = Release;
		};
		FB2564C81E24A6AD00A9B857 /* Build configuration list for PBXNativeTarget "MobileSalesTests" */ = {
			isa = XCConfigurationList;
			buildConfigurations = (
				FB2564C91E24A6AD00A9B857 /* Debug */,
				FB2564CA1E24A6AD00A9B857 /* Release */,
			);
			defaultConfigurationIsVisible = 0;
			defaultConfigurationName = Release;
		};
		FB2564CB1E24A6AD00A9B857 /* Build configuration list for PBXNativeTarget "MobileSalesUITests" */ = {
			isa = XCConfigurationList;
			buildConfigurations = (
				FB2564CC1E24A6AD00A9B857 /* Debug */,
				FB2564CD1E24A6AD00A9B857 /* Release */,
			);
			defaultConfigurationIsVisible = 0;
			defaultConfigurationName = Release;
		};
/* End XCConfigurationList section */
	};
	rootObject = FB2564901E24A6AD00A9B857 /* Project object */;
}
